PODS:
  - Alamofire (4.8.2)
  - BitmarkSDK (2.6.0):
    - KeychainAccess
    - SwiftCentrifuge
    - TweetNacl
  - IQKeyboardManagerSwift (6.4.0)
  - KeychainAccess (3.2.0)
  - ObjcExceptionBridging (1.0.1):
    - ObjcExceptionBridging/ObjcExceptionBridging (= 1.0.1)
  - ObjcExceptionBridging/ObjcExceptionBridging (1.0.1)
  - PanModal (1.2.4)
  - RxAlamofire (5.0.0):
    - RxAlamofire/Core (= 5.0.0)
  - RxAlamofire/Core (5.0.0):
    - Alamofire (~> 4.8)
    - RxSwift (~> 5.0)
  - RxCocoa (5.0.0):
    - RxRelay (~> 5)
    - RxSwift (~> 5)
  - RxOptional (4.0.0):
    - RxCocoa (~> 5)
    - RxSwift (~> 5)
  - RxRelay (5.0.0):
    - RxSwift (~> 5)
  - RxSwift (5.0.0)
  - Sentry (4.3.1):
    - Sentry/Core (= 4.3.1)
  - Sentry/Core (4.3.1)
  - SnapKit (5.0.0)
  - Starscream (3.1.0)
  - SwiftCentrifuge (0.0.2):
    - Starscream
    - SwiftProtobuf
  - SwifterSwift (5.0.0):
    - SwifterSwift/AppKit (= 5.0.0)
    - SwifterSwift/CoreGraphics (= 5.0.0)
    - SwifterSwift/CoreLocation (= 5.0.0)
    - SwifterSwift/Dispatch (= 5.0.0)
    - SwifterSwift/Foundation (= 5.0.0)
    - SwifterSwift/MapKit (= 5.0.0)
    - SwifterSwift/SpriteKit (= 5.0.0)
    - SwifterSwift/SwiftStdlib (= 5.0.0)
    - SwifterSwift/UIKit (= 5.0.0)
  - SwifterSwift/AppKit (5.0.0)
  - SwifterSwift/CoreGraphics (5.0.0)
  - SwifterSwift/CoreLocation (5.0.0)
  - SwifterSwift/Dispatch (5.0.0)
  - SwifterSwift/Foundation (5.0.0)
  - SwifterSwift/MapKit (5.0.0)
  - SwifterSwift/SpriteKit (5.0.0)
  - SwifterSwift/SwiftStdlib (5.0.0)
  - SwifterSwift/UIKit (5.0.0)
  - SwiftProtobuf (1.5.0)
  - TweetNacl (1.0.1)
  - XCGLogger (7.0.0):
    - XCGLogger/Core (= 7.0.0)
  - XCGLogger/Core (7.0.0):
    - ObjcExceptionBridging

DEPENDENCIES:
  - Alamofire
  - BitmarkSDK (from `https://github.com/bitmark-inc/bitmark-sdk-swift.git`, branch `master`)
  - IQKeyboardManagerSwift
  - KeychainAccess
  - PanModal
  - RxAlamofire
  - RxOptional
  - RxSwift (~> 5)
  - Sentry (from `https://github.com/getsentry/sentry-cocoa.git`, tag `4.3.1`)
  - SnapKit (~> 5.0.0)
  - SwifterSwift
  - XCGLogger (~> 7.0.0)

SPEC REPOS:
  https://github.com/cocoapods/specs.git:
    - Alamofire
    - IQKeyboardManagerSwift
    - KeychainAccess
    - ObjcExceptionBridging
    - PanModal
    - RxAlamofire
    - RxCocoa
    - RxOptional
    - RxRelay
    - RxSwift
    - SnapKit
    - Starscream
    - SwiftCentrifuge
    - SwifterSwift
    - SwiftProtobuf
    - TweetNacl
    - XCGLogger

EXTERNAL SOURCES:
  BitmarkSDK:
    :branch: master
    :git: https://github.com/bitmark-inc/bitmark-sdk-swift.git
  Sentry:
    :git: https://github.com/getsentry/sentry-cocoa.git
    :tag: 4.3.1

CHECKOUT OPTIONS:
  BitmarkSDK:
    :commit: b026ef221324e7efa96aed70ff6f7349db00a14b
    :git: https://github.com/bitmark-inc/bitmark-sdk-swift.git
  Sentry:
    :git: https://github.com/getsentry/sentry-cocoa.git
    :tag: 4.3.1

SPEC CHECKSUMS:
  Alamofire: ae5c501addb7afdbb13687d7f2f722c78734c2d3
  BitmarkSDK: 94bf8ff769cb3252f107e0653b85f47fb22faa83
  IQKeyboardManagerSwift: ed9b04ee0e3067ffba543283462d619f944b05e5
  KeychainAccess: 3b1bf8a77eb4c6ea1ce9404c292e48f948954c6b
  ObjcExceptionBridging: c30e00eb3700467e695faeea30e26e18bd445001
  PanModal: 275f6d4d07565ddf4ed16d7be5d9cd275682d80d
  RxAlamofire: e7875a012aff55345672d0f70a2a9cd6aeb0f211
  RxCocoa: fcf32050ac00d801f34a7f71d5e8e7f23026dcd8
  RxOptional: 9904e2219d59260c3c171273d475b2126de187e8
  RxRelay: 4f7409406a51a55cd88483f21ed898c234d60f18
  RxSwift: 8b0671caa829a763bbce7271095859121cbd895f
  Sentry: 5267d493a398663538317e4dcc438c12c66202ed
  SnapKit: fd22d10eb9aff484d79a8724eab922c1ddf89bcf
  Starscream: 08172b481e145289c4930cb567230fb55897cfa4
  SwiftCentrifuge: fa745a1fad5ace1c592eb8ceb21e06d28a080ae6
  SwifterSwift: 96f90594b370802f01647c2b1229c74a84ffafee
  SwiftProtobuf: 241400280f912735c1e1b9fe675fdd2c6c4d42e2
  TweetNacl: ea279cd32bffee69c59c73631470d3419db675df
  XCGLogger: 0434f15e3909cdc450bb63faf638b8792ab782ab

PODFILE CHECKSUM: d50e63c330b47c36928dc19ae2bc7ece3f90d249

COCOAPODS: 1.5.3
