PODS:
  - BitmarkSDK (2.6.0):
    - KeychainAccess
    - SwiftCentrifuge
    - TweetNacl
  - KeychainAccess (3.2.0)
  - PanModal (1.2.4)
  - SnapKit (5.0.0)
  - Starscream (3.1.0)
  - SwiftCentrifuge (0.0.2):
    - Starscream
    - SwiftProtobuf
  - SwifterSwift (5.0.0):
    - SwifterSwift/AppKit (= 5.0.0)
    - SwifterSwift/CoreGraphics (= 5.0.0)
    - SwifterSwift/CoreLocation (= 5.0.0)
    - SwifterSwift/Dispatch (= 5.0.0)
    - SwifterSwift/Foundation (= 5.0.0)
    - SwifterSwift/MapKit (= 5.0.0)
    - SwifterSwift/SpriteKit (= 5.0.0)
    - SwifterSwift/SwiftStdlib (= 5.0.0)
    - SwifterSwift/UIKit (= 5.0.0)
  - SwifterSwift/AppKit (5.0.0)
  - SwifterSwift/CoreGraphics (5.0.0)
  - SwifterSwift/CoreLocation (5.0.0)
  - SwifterSwift/Dispatch (5.0.0)
  - SwifterSwift/Foundation (5.0.0)
  - SwifterSwift/MapKit (5.0.0)
  - SwifterSwift/SpriteKit (5.0.0)
  - SwifterSwift/SwiftStdlib (5.0.0)
  - SwifterSwift/UIKit (5.0.0)
  - SwiftProtobuf (1.5.0)
  - TweetNacl (1.0.1)

DEPENDENCIES:
  - BitmarkSDK (from `https://github.com/bitmark-inc/bitmark-sdk-swift.git`, branch `master`)
  - KeychainAccess
  - PanModal
  - SnapKit (~> 5.0.0)
  - SwifterSwift

SPEC REPOS:
  https://github.com/cocoapods/specs.git:
    - KeychainAccess
    - PanModal
    - SnapKit
    - Starscream
    - SwiftCentrifuge
    - SwifterSwift
    - SwiftProtobuf
    - TweetNacl

EXTERNAL SOURCES:
  BitmarkSDK:
    :branch: master
    :git: https://github.com/bitmark-inc/bitmark-sdk-swift.git

CHECKOUT OPTIONS:
  BitmarkSDK:
    :commit: 366e1a98a5848045408ded51b52b9461e2a1b35a
    :git: https://github.com/bitmark-inc/bitmark-sdk-swift.git

SPEC CHECKSUMS:
  BitmarkSDK: 94bf8ff769cb3252f107e0653b85f47fb22faa83
  KeychainAccess: 3b1bf8a77eb4c6ea1ce9404c292e48f948954c6b
  PanModal: 275f6d4d07565ddf4ed16d7be5d9cd275682d80d
  SnapKit: fd22d10eb9aff484d79a8724eab922c1ddf89bcf
  Starscream: 08172b481e145289c4930cb567230fb55897cfa4
  SwiftCentrifuge: fa745a1fad5ace1c592eb8ceb21e06d28a080ae6
  SwifterSwift: 96f90594b370802f01647c2b1229c74a84ffafee
  SwiftProtobuf: 241400280f912735c1e1b9fe675fdd2c6c4d42e2
  TweetNacl: ea279cd32bffee69c59c73631470d3419db675df

PODFILE CHECKSUM: e9dc3109eeac20f9ba1a5b6054dc12bdc00ac678

COCOAPODS: 1.5.3
