// !$*UTF8*$!
{
	archiveVersion = 1;
	classes = {
	};
	objectVersion = 50;
	objects = {

/* Begin PBXBuildFile section */
		171019F658C2E946E9937FC0 /* Pods_BitmarkRegistry.framework in Frameworks */ = {isa = PBXBuildFile; fileRef = 57E7CECCA519385B4CF367DD /* Pods_BitmarkRegistry.framework */; };
		2BE5095F442A2BCB182D166B /* Pods_BitmarkRegistry_Dev.framework in Frameworks */ = {isa = PBXBuildFile; fileRef = C3A5FB43309FD36695FB8495 /* Pods_BitmarkRegistry_Dev.framework */; };
		587FE40F22CC5A5000028F9A /* ErrorReporting.swift in Sources */ = {isa = PBXBuildFile; fileRef = 58DB99D522CB4457004A611E /* ErrorReporting.swift */; };
		58DB99D622CB4457004A611E /* ErrorReporting.swift in Sources */ = {isa = PBXBuildFile; fileRef = 58DB99D522CB4457004A611E /* ErrorReporting.swift */; };
		D12662CE31EFB13CAF295499 /* Pods_BitmarkRegistry.framework in Frameworks */ = {isa = PBXBuildFile; fileRef = 57E7CECCA519385B4CF367DD /* Pods_BitmarkRegistry.framework */; };
		E20472BB22CEE44B0022C1D0 /* TransactionListCell.swift in Sources */ = {isa = PBXBuildFile; fileRef = E20472BA22CEE44B0022C1D0 /* TransactionListCell.swift */; };
		E20472BC22CEE44B0022C1D0 /* TransactionListCell.swift in Sources */ = {isa = PBXBuildFile; fileRef = E20472BA22CEE44B0022C1D0 /* TransactionListCell.swift */; };
		E205107922B0A09900475871 /* SubmitButton.swift in Sources */ = {isa = PBXBuildFile; fileRef = E205107822B0A09900475871 /* SubmitButton.swift */; };
		E205107A22B0A0A000475871 /* SubmitButton.swift in Sources */ = {isa = PBXBuildFile; fileRef = E205107822B0A09900475871 /* SubmitButton.swift */; };
		E205107C22B0AA6300475871 /* DesignedTextField.swift in Sources */ = {isa = PBXBuildFile; fileRef = E205107B22B0AA6300475871 /* DesignedTextField.swift */; };
		E205107D22B0ABC300475871 /* DesignedTextField.swift in Sources */ = {isa = PBXBuildFile; fileRef = E205107B22B0AA6300475871 /* DesignedTextField.swift */; };
		E205107F22B0FB6600475871 /* MetadataLabelViewController.swift in Sources */ = {isa = PBXBuildFile; fileRef = E205107E22B0FB6600475871 /* MetadataLabelViewController.swift */; };
		E205108122B1041200475871 /* MetadataForm.swift in Sources */ = {isa = PBXBuildFile; fileRef = E205108022B1041200475871 /* MetadataForm.swift */; };
		E216890822C1F09A00E943B9 /* UserSetting.swift in Sources */ = {isa = PBXBuildFile; fileRef = E216890722C1F09A00E943B9 /* UserSetting.swift */; };
		E216890922C1F09A00E943B9 /* UserSetting.swift in Sources */ = {isa = PBXBuildFile; fileRef = E216890722C1F09A00E943B9 /* UserSetting.swift */; };
		E24B527822BBB74D00E160E3 /* BitmarkDetailViewController.swift in Sources */ = {isa = PBXBuildFile; fileRef = E24B527722BBB74D00E160E3 /* BitmarkDetailViewController.swift */; };
		E24B527922BBB74D00E160E3 /* BitmarkDetailViewController.swift in Sources */ = {isa = PBXBuildFile; fileRef = E24B527722BBB74D00E160E3 /* BitmarkDetailViewController.swift */; };
		E24B527B22BBB7C600E160E3 /* SelfSizedTableView.swift in Sources */ = {isa = PBXBuildFile; fileRef = E24B527A22BBB7C600E160E3 /* SelfSizedTableView.swift */; };
		E24B527C22BBB7C600E160E3 /* SelfSizedTableView.swift in Sources */ = {isa = PBXBuildFile; fileRef = E24B527A22BBB7C600E160E3 /* SelfSizedTableView.swift */; };
		E24B527E22BBB8B400E160E3 /* TransactionService.swift in Sources */ = {isa = PBXBuildFile; fileRef = E24B527D22BBB8B400E160E3 /* TransactionService.swift */; };
		E24B527F22BBB8B400E160E3 /* TransactionService.swift in Sources */ = {isa = PBXBuildFile; fileRef = E24B527D22BBB8B400E160E3 /* TransactionService.swift */; };
		E24B528122BBB8E600E160E3 /* MetadataDetailCell.swift in Sources */ = {isa = PBXBuildFile; fileRef = E24B528022BBB8E600E160E3 /* MetadataDetailCell.swift */; };
		E24B528222BBB8E600E160E3 /* MetadataDetailCell.swift in Sources */ = {isa = PBXBuildFile; fileRef = E24B528022BBB8E600E160E3 /* MetadataDetailCell.swift */; };
		E24B528422BBB8EB00E160E3 /* TransactionCell.swift in Sources */ = {isa = PBXBuildFile; fileRef = E24B528322BBB8EB00E160E3 /* TransactionCell.swift */; };
		E24B528522BBB8EB00E160E3 /* TransactionCell.swift in Sources */ = {isa = PBXBuildFile; fileRef = E24B528322BBB8EB00E160E3 /* TransactionCell.swift */; };
		E24D795A22CA146D00BC9912 /* BitmarkFileUtil.swift in Sources */ = {isa = PBXBuildFile; fileRef = E24D795922CA146D00BC9912 /* BitmarkFileUtil.swift */; };
		E24D795C22CA149500BC9912 /* AssetFileService.swift in Sources */ = {isa = PBXBuildFile; fileRef = E24D795B22CA149400BC9912 /* AssetFileService.swift */; };
		E24D795D22CA169C00BC9912 /* AssetFileService.swift in Sources */ = {isa = PBXBuildFile; fileRef = E24D795B22CA149400BC9912 /* AssetFileService.swift */; };
		E24D795E22CA16CA00BC9912 /* BitmarkFileUtil.swift in Sources */ = {isa = PBXBuildFile; fileRef = E24D795922CA146D00BC9912 /* BitmarkFileUtil.swift */; };
		E24D9C4A22ADFE8E0095E11D /* UIColor+Extension.swift in Sources */ = {isa = PBXBuildFile; fileRef = E24D9C4922ADFE8E0095E11D /* UIColor+Extension.swift */; };
		E24D9C4C22ADFED80095E11D /* CommonUI.swift in Sources */ = {isa = PBXBuildFile; fileRef = E24D9C4B22ADFED80095E11D /* CommonUI.swift */; };
		E24D9C4E22AE08EF0095E11D /* CustomTabBarViewController.swift in Sources */ = {isa = PBXBuildFile; fileRef = E24D9C4D22AE08EF0095E11D /* CustomTabBarViewController.swift */; };
		E24D9C5022AE149D0095E11D /* UIView+Extension.swift in Sources */ = {isa = PBXBuildFile; fileRef = E24D9C4F22AE149D0095E11D /* UIView+Extension.swift */; };
		E24D9C5122AE49380095E11D /* CustomTabBarViewController.swift in Sources */ = {isa = PBXBuildFile; fileRef = E24D9C4D22AE08EF0095E11D /* CustomTabBarViewController.swift */; };
		E24D9C5222AE49430095E11D /* CommonUI.swift in Sources */ = {isa = PBXBuildFile; fileRef = E24D9C4B22ADFED80095E11D /* CommonUI.swift */; };
		E24D9C5322AE494C0095E11D /* UIColor+Extension.swift in Sources */ = {isa = PBXBuildFile; fileRef = E24D9C4922ADFE8E0095E11D /* UIColor+Extension.swift */; };
		E24D9C5422AE49510095E11D /* UIView+Extension.swift in Sources */ = {isa = PBXBuildFile; fileRef = E24D9C4F22AE149D0095E11D /* UIView+Extension.swift */; };
		E24D9C5C22AE581C0095E11D /* WarningRecoveryPhraseViewController.swift in Sources */ = {isa = PBXBuildFile; fileRef = E24D9C5B22AE581C0095E11D /* WarningRecoveryPhraseViewController.swift */; };
		E24D9C5E22AE5E480095E11D /* UIButton+AddTargetClosure+Extension.swift in Sources */ = {isa = PBXBuildFile; fileRef = E24D9C5D22AE5E480095E11D /* UIButton+AddTargetClosure+Extension.swift */; };
		E25DF1C122CB3C8600AC270E /* SessionData.swift in Sources */ = {isa = PBXBuildFile; fileRef = E25DF1BF22CB3C8500AC270E /* SessionData.swift */; };
		E25DF1C222CB3C8600AC270E /* SessionData.swift in Sources */ = {isa = PBXBuildFile; fileRef = E25DF1BF22CB3C8500AC270E /* SessionData.swift */; };
		E25DF1C322CB3C8600AC270E /* AssetEncryption.swift in Sources */ = {isa = PBXBuildFile; fileRef = E25DF1C022CB3C8600AC270E /* AssetEncryption.swift */; };
		E25DF1C422CB3C8600AC270E /* AssetEncryption.swift in Sources */ = {isa = PBXBuildFile; fileRef = E25DF1C022CB3C8600AC270E /* AssetEncryption.swift */; };
		E25DF1C522CB3C9700AC270E /* Chacha20Poly1305.swift in Sources */ = {isa = PBXBuildFile; fileRef = E28F1AFC22CA428000B0256F /* Chacha20Poly1305.swift */; };
		E25DF1C622CB3CD100AC270E /* libsodium-ios.a in Frameworks */ = {isa = PBXBuildFile; fileRef = E28F1AEA22CA428000B0256F /* libsodium-ios.a */; };
		E25DF1C922CB3EA100AC270E /* TransactionsViewController.swift in Sources */ = {isa = PBXBuildFile; fileRef = E25DF1C822CB3EA100AC270E /* TransactionsViewController.swift */; };
		E25DF1CA22CB3EAB00AC270E /* TransactionsViewController.swift in Sources */ = {isa = PBXBuildFile; fileRef = E25DF1C822CB3EA100AC270E /* TransactionsViewController.swift */; };
		E25DF1CD22CB3F1E00AC270E /* Array+Bitmark+Extension.swift in Sources */ = {isa = PBXBuildFile; fileRef = E25DF1CB22CB3F1E00AC270E /* Array+Bitmark+Extension.swift */; };
		E25DF1CE22CB3F1E00AC270E /* Array+Bitmark+Extension.swift in Sources */ = {isa = PBXBuildFile; fileRef = E25DF1CB22CB3F1E00AC270E /* Array+Bitmark+Extension.swift */; };
		E25DF1CF22CB3F1E00AC270E /* Array+Transaction+Extension.swift in Sources */ = {isa = PBXBuildFile; fileRef = E25DF1CC22CB3F1E00AC270E /* Array+Transaction+Extension.swift */; };
		E25DF1D022CB3F1E00AC270E /* Array+Transaction+Extension.swift in Sources */ = {isa = PBXBuildFile; fileRef = E25DF1CC22CB3F1E00AC270E /* Array+Transaction+Extension.swift */; };
		E25DF1D222CB3F3600AC270E /* TransactionsWithRelative.swift in Sources */ = {isa = PBXBuildFile; fileRef = E25DF1D122CB3F3600AC270E /* TransactionsWithRelative.swift */; };
		E25DF1D322CB3F3600AC270E /* TransactionsWithRelative.swift in Sources */ = {isa = PBXBuildFile; fileRef = E25DF1D122CB3F3600AC270E /* TransactionsWithRelative.swift */; };
		E25DF1D822CB3F4700AC270E /* SyncStorageBase.swift in Sources */ = {isa = PBXBuildFile; fileRef = E25DF1D522CB3F4700AC270E /* SyncStorageBase.swift */; };
		E25DF1D922CB3F4700AC270E /* SyncStorageBase.swift in Sources */ = {isa = PBXBuildFile; fileRef = E25DF1D522CB3F4700AC270E /* SyncStorageBase.swift */; };
		E25DF1DA22CB3F4700AC270E /* BitmarkStorage.swift in Sources */ = {isa = PBXBuildFile; fileRef = E25DF1D622CB3F4700AC270E /* BitmarkStorage.swift */; };
		E25DF1DB22CB3F4700AC270E /* BitmarkStorage.swift in Sources */ = {isa = PBXBuildFile; fileRef = E25DF1D622CB3F4700AC270E /* BitmarkStorage.swift */; };
		E25DF1DC22CB3F4700AC270E /* TransactionStorage.swift in Sources */ = {isa = PBXBuildFile; fileRef = E25DF1D722CB3F4700AC270E /* TransactionStorage.swift */; };
		E25DF1DD22CB3F4700AC270E /* TransactionStorage.swift in Sources */ = {isa = PBXBuildFile; fileRef = E25DF1D722CB3F4700AC270E /* TransactionStorage.swift */; };
		E27CD23E229E407C00503D6A /* UILabel+Extension.swift in Sources */ = {isa = PBXBuildFile; fileRef = E27CD23D229E407C00503D6A /* UILabel+Extension.swift */; };
		E283CB0622B3B1EA00CCB4E5 /* AssetService.swift in Sources */ = {isa = PBXBuildFile; fileRef = E283CB0522B3B1EA00CCB4E5 /* AssetService.swift */; };
		E283CB0722B3B22000CCB4E5 /* AssetService.swift in Sources */ = {isa = PBXBuildFile; fileRef = E283CB0522B3B1EA00CCB4E5 /* AssetService.swift */; };
		E28F1AFD22CA428000B0256F /* libsodium-ios.a in Frameworks */ = {isa = PBXBuildFile; fileRef = E28F1AEA22CA428000B0256F /* libsodium-ios.a */; };
		E28F1AFE22CA428000B0256F /* Chacha20Poly1305.swift in Sources */ = {isa = PBXBuildFile; fileRef = E28F1AFC22CA428000B0256F /* Chacha20Poly1305.swift */; };
		E29A73F922AA49990052C716 /* UILabel+Extension.swift in Sources */ = {isa = PBXBuildFile; fileRef = E27CD23D229E407C00503D6A /* UILabel+Extension.swift */; };
		E29A73FA22AA49990052C716 /* UIViewController+Extension.swift in Sources */ = {isa = PBXBuildFile; fileRef = E2E798E8229E2A2300508B69 /* UIViewController+Extension.swift */; };
		E29A73FB22AA49990052C716 /* OnboardingViewController.swift in Sources */ = {isa = PBXBuildFile; fileRef = E2E798D3229E1EA300508B69 /* OnboardingViewController.swift */; };
		E29A73FC22AA49990052C716 /* AppDelegate.swift in Sources */ = {isa = PBXBuildFile; fileRef = E2E798B9229E189E00508B69 /* AppDelegate.swift */; };
		E29A73FD22AA49990052C716 /* Credential.swift in Sources */ = {isa = PBXBuildFile; fileRef = E2E798DC229E25E200508B69 /* Credential.swift */; };
		E29A73FE22AA49990052C716 /* AccountService.swift in Sources */ = {isa = PBXBuildFile; fileRef = E2E798DE229E264100508B69 /* AccountService.swift */; };
		E29A73FF22AA49990052C716 /* BitmarkSDKService.swift in Sources */ = {isa = PBXBuildFile; fileRef = E2E798DA229E25BC00508B69 /* BitmarkSDKService.swift */; };
		E29A740122AA49990052C716 /* Global.swift in Sources */ = {isa = PBXBuildFile; fileRef = E2E798E0229E267500508B69 /* Global.swift */; };
		E29A740222AA49990052C716 /* KeychainStore.swift in Sources */ = {isa = PBXBuildFile; fileRef = E2E798E6229E285600508B69 /* KeychainStore.swift */; };
		E29A740622AA49990052C716 /* LaunchScreen.storyboard in Resources */ = {isa = PBXBuildFile; fileRef = E2E798C2229E189F00508B69 /* LaunchScreen.storyboard */; };
		E29A740722AA49990052C716 /* Assets.xcassets in Resources */ = {isa = PBXBuildFile; fileRef = E2E798C0229E189F00508B69 /* Assets.xcassets */; };
		E2ADFD1522BC6FCC00FC46D8 /* TransferBitmarkViewController.swift in Sources */ = {isa = PBXBuildFile; fileRef = E2ADFD1422BC6FCC00FC46D8 /* TransferBitmarkViewController.swift */; };
		E2ADFD1622BC6FCC00FC46D8 /* TransferBitmarkViewController.swift in Sources */ = {isa = PBXBuildFile; fileRef = E2ADFD1422BC6FCC00FC46D8 /* TransferBitmarkViewController.swift */; };
		E2ADFD1A22BC72BF00FC46D8 /* QRViewController.swift in Sources */ = {isa = PBXBuildFile; fileRef = E2ADFD1822BC72BF00FC46D8 /* QRViewController.swift */; };
		E2ADFD1B22BC72BF00FC46D8 /* QRViewController.swift in Sources */ = {isa = PBXBuildFile; fileRef = E2ADFD1822BC72BF00FC46D8 /* QRViewController.swift */; };
		E2ADFD1C22BC72BF00FC46D8 /* QRScannerViewController.swift in Sources */ = {isa = PBXBuildFile; fileRef = E2ADFD1922BC72BF00FC46D8 /* QRScannerViewController.swift */; };
		E2ADFD1D22BC72BF00FC46D8 /* QRScannerViewController.swift in Sources */ = {isa = PBXBuildFile; fileRef = E2ADFD1922BC72BF00FC46D8 /* QRScannerViewController.swift */; };
		E2ADFD1F22BC742900FC46D8 /* QRCode.swift in Sources */ = {isa = PBXBuildFile; fileRef = E2ADFD1E22BC742900FC46D8 /* QRCode.swift */; };
		E2ADFD2022BC742900FC46D8 /* QRCode.swift in Sources */ = {isa = PBXBuildFile; fileRef = E2ADFD1E22BC742900FC46D8 /* QRCode.swift */; };
		E2ADFD2622BCE37700FC46D8 /* BiometricAuth.swift in Sources */ = {isa = PBXBuildFile; fileRef = E2ADFD2522BCE37700FC46D8 /* BiometricAuth.swift */; };
		E2ADFD2722BCE37700FC46D8 /* BiometricAuth.swift in Sources */ = {isa = PBXBuildFile; fileRef = E2ADFD2522BCE37700FC46D8 /* BiometricAuth.swift */; };
		E2BEC94922AF5C3F009F7DF5 /* TestRecoveryPhraseViewController.swift in Sources */ = {isa = PBXBuildFile; fileRef = E2BEC94822AF5C3F009F7DF5 /* TestRecoveryPhraseViewController.swift */; };
		E2BEC94B22AF5DC8009F7DF5 /* BaseRecoveryPhraseViewController.swift in Sources */ = {isa = PBXBuildFile; fileRef = E2BEC94A22AF5DC8009F7DF5 /* BaseRecoveryPhraseViewController.swift */; };
		E2BEC94D22AF612C009F7DF5 /* TestRecoveryPhraseCell.swift in Sources */ = {isa = PBXBuildFile; fileRef = E2BEC94C22AF612C009F7DF5 /* TestRecoveryPhraseCell.swift */; };
		E2BEC94F22AF699D009F7DF5 /* TestPhraseOptionCell.swift in Sources */ = {isa = PBXBuildFile; fileRef = E2BEC94E22AF699D009F7DF5 /* TestPhraseOptionCell.swift */; };
		E2BEC95022AF986D009F7DF5 /* AccountViewController.swift in Sources */ = {isa = PBXBuildFile; fileRef = E2E798D8229E238900508B69 /* AccountViewController.swift */; };
		E2BEC95122AF9871009F7DF5 /* WarningRecoveryPhraseViewController.swift in Sources */ = {isa = PBXBuildFile; fileRef = E24D9C5B22AE581C0095E11D /* WarningRecoveryPhraseViewController.swift */; };
		E2BEC95222AF9873009F7DF5 /* BaseRecoveryPhraseViewController.swift in Sources */ = {isa = PBXBuildFile; fileRef = E2BEC94A22AF5DC8009F7DF5 /* BaseRecoveryPhraseViewController.swift */; };
		E2BEC95322AF9876009F7DF5 /* RecoveryPhraseViewController.swift in Sources */ = {isa = PBXBuildFile; fileRef = E2C05CA022AEAB7E002B3350 /* RecoveryPhraseViewController.swift */; };
		E2BEC95422AF9878009F7DF5 /* TestRecoveryPhraseViewController.swift in Sources */ = {isa = PBXBuildFile; fileRef = E2BEC94822AF5C3F009F7DF5 /* TestRecoveryPhraseViewController.swift */; };
		E2BEC95522AF987B009F7DF5 /* RecoveryPhraseCell.swift in Sources */ = {isa = PBXBuildFile; fileRef = E2C05CA322AEAC89002B3350 /* RecoveryPhraseCell.swift */; };
		E2BEC95622AF987E009F7DF5 /* TestRecoveryPhraseCell.swift in Sources */ = {isa = PBXBuildFile; fileRef = E2BEC94C22AF612C009F7DF5 /* TestRecoveryPhraseCell.swift */; };
		E2BEC95722AF9880009F7DF5 /* TestPhraseOptionCell.swift in Sources */ = {isa = PBXBuildFile; fileRef = E2BEC94E22AF699D009F7DF5 /* TestPhraseOptionCell.swift */; };
		E2BEC95822AF9889009F7DF5 /* UIButton+AddTargetClosure+Extension.swift in Sources */ = {isa = PBXBuildFile; fileRef = E24D9C5D22AE5E480095E11D /* UIButton+AddTargetClosure+Extension.swift */; };
		E2BEC95B22AFA6F8009F7DF5 /* PropertiesViewController.swift in Sources */ = {isa = PBXBuildFile; fileRef = E2BEC95A22AFA6F8009F7DF5 /* PropertiesViewController.swift */; };
		E2BEC95C22AFA6FA009F7DF5 /* PropertiesViewController.swift in Sources */ = {isa = PBXBuildFile; fileRef = E2BEC95A22AFA6F8009F7DF5 /* PropertiesViewController.swift */; };
		E2BEC95E22AFB1B0009F7DF5 /* RegisterPropertyViewController.swift in Sources */ = {isa = PBXBuildFile; fileRef = E2BEC95D22AFB1B0009F7DF5 /* RegisterPropertyViewController.swift */; };
		E2BEC95F22AFB4CF009F7DF5 /* RegisterPropertyViewController.swift in Sources */ = {isa = PBXBuildFile; fileRef = E2BEC95D22AFB1B0009F7DF5 /* RegisterPropertyViewController.swift */; };
		E2BEC96122AFC24F009F7DF5 /* Constant.swift in Sources */ = {isa = PBXBuildFile; fileRef = E2BEC96022AFC24F009F7DF5 /* Constant.swift */; };
		E2BEC96222AFC282009F7DF5 /* Constant.swift in Sources */ = {isa = PBXBuildFile; fileRef = E2BEC96022AFC24F009F7DF5 /* Constant.swift */; };
		E2BEC96422AFC9B0009F7DF5 /* RegisterPropertyRightsViewController.swift in Sources */ = {isa = PBXBuildFile; fileRef = E2BEC96322AFC9B0009F7DF5 /* RegisterPropertyRightsViewController.swift */; };
		E2BEC96522AFC9B0009F7DF5 /* RegisterPropertyRightsViewController.swift in Sources */ = {isa = PBXBuildFile; fileRef = E2BEC96322AFC9B0009F7DF5 /* RegisterPropertyRightsViewController.swift */; };
		E2C05CA122AEAB7E002B3350 /* RecoveryPhraseViewController.swift in Sources */ = {isa = PBXBuildFile; fileRef = E2C05CA022AEAB7E002B3350 /* RecoveryPhraseViewController.swift */; };
		E2C05CA422AEAC89002B3350 /* RecoveryPhraseCell.swift in Sources */ = {isa = PBXBuildFile; fileRef = E2C05CA322AEAC89002B3350 /* RecoveryPhraseCell.swift */; };
		E2CECFC222D3045B00468BFC /* EventDelegate.swift in Sources */ = {isa = PBXBuildFile; fileRef = E2CECFC122D3045B00468BFC /* EventDelegate.swift */; };
		E2CECFC322D3045B00468BFC /* EventDelegate.swift in Sources */ = {isa = PBXBuildFile; fileRef = E2CECFC122D3045B00468BFC /* EventDelegate.swift */; };
		E2CEDC7322BB934900B5BBF9 /* YourPropertyCell.swift in Sources */ = {isa = PBXBuildFile; fileRef = E2CEDC7222BB934900B5BBF9 /* YourPropertyCell.swift */; };
		E2CEDC7422BB934900B5BBF9 /* YourPropertyCell.swift in Sources */ = {isa = PBXBuildFile; fileRef = E2CEDC7222BB934900B5BBF9 /* YourPropertyCell.swift */; };
		E2CEDC7722BB93CC00B5BBF9 /* BitmarkService.swift in Sources */ = {isa = PBXBuildFile; fileRef = E2CEDC7522BB93CB00B5BBF9 /* BitmarkService.swift */; };
		E2CEDC7822BB93CC00B5BBF9 /* BitmarkService.swift in Sources */ = {isa = PBXBuildFile; fileRef = E2CEDC7522BB93CB00B5BBF9 /* BitmarkService.swift */; };
		E2CEDC7D22BB94D800B5BBF9 /* String+Extension.swift in Sources */ = {isa = PBXBuildFile; fileRef = E2CEDC7B22BB94D800B5BBF9 /* String+Extension.swift */; };
		E2CEDC7E22BB94D800B5BBF9 /* String+Extension.swift in Sources */ = {isa = PBXBuildFile; fileRef = E2CEDC7B22BB94D800B5BBF9 /* String+Extension.swift */; };
		E2CEDC7F22BB94D800B5BBF9 /* FileManager+Extension.swift in Sources */ = {isa = PBXBuildFile; fileRef = E2CEDC7C22BB94D800B5BBF9 /* FileManager+Extension.swift */; };
		E2CEDC8022BB94D800B5BBF9 /* FileManager+Extension.swift in Sources */ = {isa = PBXBuildFile; fileRef = E2CEDC7C22BB94D800B5BBF9 /* FileManager+Extension.swift */; };
		E2CEDC8322BB951C00B5BBF9 /* BitmarksWithAsset.swift in Sources */ = {isa = PBXBuildFile; fileRef = E2CEDC8222BB951C00B5BBF9 /* BitmarksWithAsset.swift */; };
		E2CEDC8422BB951C00B5BBF9 /* BitmarksWithAsset.swift in Sources */ = {isa = PBXBuildFile; fileRef = E2CEDC8222BB951C00B5BBF9 /* BitmarksWithAsset.swift */; };
		E2CF94CD22CB31E500B40C66 /* TouchAuthenticationViewController.swift in Sources */ = {isa = PBXBuildFile; fileRef = E2CF94CC22CB31E500B40C66 /* TouchAuthenticationViewController.swift */; };
		E2CF94CE22CB31FE00B40C66 /* TouchAuthenticationViewController.swift in Sources */ = {isa = PBXBuildFile; fileRef = E2CF94CC22CB31E500B40C66 /* TouchAuthenticationViewController.swift */; };
		E2CF94D022CB323400B40C66 /* AccountKeyService.swift in Sources */ = {isa = PBXBuildFile; fileRef = E2CF94CF22CB323400B40C66 /* AccountKeyService.swift */; };
		E2CF94D122CB323800B40C66 /* AccountKeyService.swift in Sources */ = {isa = PBXBuildFile; fileRef = E2CF94CF22CB323400B40C66 /* AccountKeyService.swift */; };
		E2D4342722CC89EB006A8183 /* FileCourierService.swift in Sources */ = {isa = PBXBuildFile; fileRef = E2D4342622CC89EB006A8183 /* FileCourierService.swift */; };
		E2D4342822CC89EB006A8183 /* FileCourierService.swift in Sources */ = {isa = PBXBuildFile; fileRef = E2D4342622CC89EB006A8183 /* FileCourierService.swift */; };
		E2DFDA3322B1EB43008B1AD5 /* MetadataForm.swift in Sources */ = {isa = PBXBuildFile; fileRef = E205108022B1041200475871 /* MetadataForm.swift */; };
		E2DFDA3422B1EB46008B1AD5 /* MetadataLabelViewController.swift in Sources */ = {isa = PBXBuildFile; fileRef = E205107E22B0FB6600475871 /* MetadataLabelViewController.swift */; };
		E2DFDA3622B21233008B1AD5 /* LabelCell.swift in Sources */ = {isa = PBXBuildFile; fileRef = E2DFDA3522B21233008B1AD5 /* LabelCell.swift */; };
		E2DFDA3722B212FD008B1AD5 /* LabelCell.swift in Sources */ = {isa = PBXBuildFile; fileRef = E2DFDA3522B21233008B1AD5 /* LabelCell.swift */; };
		E2E798BA229E189E00508B69 /* AppDelegate.swift in Sources */ = {isa = PBXBuildFile; fileRef = E2E798B9229E189E00508B69 /* AppDelegate.swift */; };
		E2E798C1229E189F00508B69 /* Assets.xcassets in Resources */ = {isa = PBXBuildFile; fileRef = E2E798C0229E189F00508B69 /* Assets.xcassets */; };
		E2E798C4229E189F00508B69 /* LaunchScreen.storyboard in Resources */ = {isa = PBXBuildFile; fileRef = E2E798C2229E189F00508B69 /* LaunchScreen.storyboard */; };
		E2E798D4229E1EA300508B69 /* OnboardingViewController.swift in Sources */ = {isa = PBXBuildFile; fileRef = E2E798D3229E1EA300508B69 /* OnboardingViewController.swift */; };
		E2E798D9229E238900508B69 /* AccountViewController.swift in Sources */ = {isa = PBXBuildFile; fileRef = E2E798D8229E238900508B69 /* AccountViewController.swift */; };
		E2E798DB229E25BC00508B69 /* BitmarkSDKService.swift in Sources */ = {isa = PBXBuildFile; fileRef = E2E798DA229E25BC00508B69 /* BitmarkSDKService.swift */; };
		E2E798DD229E25E200508B69 /* Credential.swift in Sources */ = {isa = PBXBuildFile; fileRef = E2E798DC229E25E200508B69 /* Credential.swift */; };
		E2E798DF229E264100508B69 /* AccountService.swift in Sources */ = {isa = PBXBuildFile; fileRef = E2E798DE229E264100508B69 /* AccountService.swift */; };
		E2E798E1229E267500508B69 /* Global.swift in Sources */ = {isa = PBXBuildFile; fileRef = E2E798E0229E267500508B69 /* Global.swift */; };
		E2E798E7229E285600508B69 /* KeychainStore.swift in Sources */ = {isa = PBXBuildFile; fileRef = E2E798E6229E285600508B69 /* KeychainStore.swift */; };
		E2E798E9229E2A2300508B69 /* UIViewController+Extension.swift in Sources */ = {isa = PBXBuildFile; fileRef = E2E798E8229E2A2300508B69 /* UIViewController+Extension.swift */; };
		E2F4893522BFC1E00099DA83 /* WarningRemoveAccessViewController.swift in Sources */ = {isa = PBXBuildFile; fileRef = E2F4893422BFC1E00099DA83 /* WarningRemoveAccessViewController.swift */; };
		E2F4893622BFC1E00099DA83 /* WarningRemoveAccessViewController.swift in Sources */ = {isa = PBXBuildFile; fileRef = E2F4893422BFC1E00099DA83 /* WarningRemoveAccessViewController.swift */; };
/* End PBXBuildFile section */

/* Begin PBXFileReference section */
		415E7FF169A545CDDC72796A /* Pods-BitmarkRegistry Dev.release.xcconfig */ = {isa = PBXFileReference; includeInIndex = 1; lastKnownFileType = text.xcconfig; name = "Pods-BitmarkRegistry Dev.release.xcconfig"; path = "Pods/Target Support Files/Pods-BitmarkRegistry Dev/Pods-BitmarkRegistry Dev.release.xcconfig"; sourceTree = "<group>"; };
		57E7CECCA519385B4CF367DD /* Pods_BitmarkRegistry.framework */ = {isa = PBXFileReference; explicitFileType = wrapper.framework; includeInIndex = 0; path = Pods_BitmarkRegistry.framework; sourceTree = BUILT_PRODUCTS_DIR; };
		58DB99D522CB4457004A611E /* ErrorReporting.swift */ = {isa = PBXFileReference; lastKnownFileType = sourcecode.swift; path = ErrorReporting.swift; sourceTree = "<group>"; };
		651E9C762774E042F0FA1915 /* Pods-BitmarkRegistry.release.xcconfig */ = {isa = PBXFileReference; includeInIndex = 1; lastKnownFileType = text.xcconfig; name = "Pods-BitmarkRegistry.release.xcconfig"; path = "Pods/Target Support Files/Pods-BitmarkRegistry/Pods-BitmarkRegistry.release.xcconfig"; sourceTree = "<group>"; };
		6F49B2891D8855D7048183F0 /* Pods-BitmarkRegistry.debug.xcconfig */ = {isa = PBXFileReference; includeInIndex = 1; lastKnownFileType = text.xcconfig; name = "Pods-BitmarkRegistry.debug.xcconfig"; path = "Pods/Target Support Files/Pods-BitmarkRegistry/Pods-BitmarkRegistry.debug.xcconfig"; sourceTree = "<group>"; };
		77DBC69DFE134DB0791E0BDF /* Pods-BitmarkRegistry Dev.debug.xcconfig */ = {isa = PBXFileReference; includeInIndex = 1; lastKnownFileType = text.xcconfig; name = "Pods-BitmarkRegistry Dev.debug.xcconfig"; path = "Pods/Target Support Files/Pods-BitmarkRegistry Dev/Pods-BitmarkRegistry Dev.debug.xcconfig"; sourceTree = "<group>"; };
		C3A5FB43309FD36695FB8495 /* Pods_BitmarkRegistry_Dev.framework */ = {isa = PBXFileReference; explicitFileType = wrapper.framework; includeInIndex = 0; path = Pods_BitmarkRegistry_Dev.framework; sourceTree = BUILT_PRODUCTS_DIR; };
		E20472BA22CEE44B0022C1D0 /* TransactionListCell.swift */ = {isa = PBXFileReference; lastKnownFileType = sourcecode.swift; path = TransactionListCell.swift; sourceTree = "<group>"; };
		E205107822B0A09900475871 /* SubmitButton.swift */ = {isa = PBXFileReference; lastKnownFileType = sourcecode.swift; path = SubmitButton.swift; sourceTree = "<group>"; };
		E205107B22B0AA6300475871 /* DesignedTextField.swift */ = {isa = PBXFileReference; lastKnownFileType = sourcecode.swift; path = DesignedTextField.swift; sourceTree = "<group>"; };
		E205107E22B0FB6600475871 /* MetadataLabelViewController.swift */ = {isa = PBXFileReference; lastKnownFileType = sourcecode.swift; path = MetadataLabelViewController.swift; sourceTree = "<group>"; };
		E205108022B1041200475871 /* MetadataForm.swift */ = {isa = PBXFileReference; lastKnownFileType = sourcecode.swift; path = MetadataForm.swift; sourceTree = "<group>"; };
		E216890722C1F09A00E943B9 /* UserSetting.swift */ = {isa = PBXFileReference; lastKnownFileType = sourcecode.swift; path = UserSetting.swift; sourceTree = "<group>"; };
		E24B527722BBB74D00E160E3 /* BitmarkDetailViewController.swift */ = {isa = PBXFileReference; fileEncoding = 4; lastKnownFileType = sourcecode.swift; path = BitmarkDetailViewController.swift; sourceTree = "<group>"; };
		E24B527A22BBB7C600E160E3 /* SelfSizedTableView.swift */ = {isa = PBXFileReference; fileEncoding = 4; lastKnownFileType = sourcecode.swift; path = SelfSizedTableView.swift; sourceTree = "<group>"; };
		E24B527D22BBB8B400E160E3 /* TransactionService.swift */ = {isa = PBXFileReference; fileEncoding = 4; lastKnownFileType = sourcecode.swift; path = TransactionService.swift; sourceTree = "<group>"; };
		E24B528022BBB8E600E160E3 /* MetadataDetailCell.swift */ = {isa = PBXFileReference; fileEncoding = 4; lastKnownFileType = sourcecode.swift; path = MetadataDetailCell.swift; sourceTree = "<group>"; };
		E24B528322BBB8EB00E160E3 /* TransactionCell.swift */ = {isa = PBXFileReference; fileEncoding = 4; lastKnownFileType = sourcecode.swift; path = TransactionCell.swift; sourceTree = "<group>"; };
		E24D795922CA146D00BC9912 /* BitmarkFileUtil.swift */ = {isa = PBXFileReference; fileEncoding = 4; lastKnownFileType = sourcecode.swift; path = BitmarkFileUtil.swift; sourceTree = "<group>"; };
		E24D795B22CA149400BC9912 /* AssetFileService.swift */ = {isa = PBXFileReference; fileEncoding = 4; lastKnownFileType = sourcecode.swift; path = AssetFileService.swift; sourceTree = "<group>"; };
		E24D9C4922ADFE8E0095E11D /* UIColor+Extension.swift */ = {isa = PBXFileReference; lastKnownFileType = sourcecode.swift; path = "UIColor+Extension.swift"; sourceTree = "<group>"; };
		E24D9C4B22ADFED80095E11D /* CommonUI.swift */ = {isa = PBXFileReference; lastKnownFileType = sourcecode.swift; path = CommonUI.swift; sourceTree = "<group>"; };
		E24D9C4D22AE08EF0095E11D /* CustomTabBarViewController.swift */ = {isa = PBXFileReference; lastKnownFileType = sourcecode.swift; path = CustomTabBarViewController.swift; sourceTree = "<group>"; };
		E24D9C4F22AE149D0095E11D /* UIView+Extension.swift */ = {isa = PBXFileReference; lastKnownFileType = sourcecode.swift; path = "UIView+Extension.swift"; sourceTree = "<group>"; };
		E24D9C5B22AE581C0095E11D /* WarningRecoveryPhraseViewController.swift */ = {isa = PBXFileReference; lastKnownFileType = sourcecode.swift; path = WarningRecoveryPhraseViewController.swift; sourceTree = "<group>"; };
		E24D9C5D22AE5E480095E11D /* UIButton+AddTargetClosure+Extension.swift */ = {isa = PBXFileReference; lastKnownFileType = sourcecode.swift; path = "UIButton+AddTargetClosure+Extension.swift"; sourceTree = "<group>"; };
		E25DF1BF22CB3C8500AC270E /* SessionData.swift */ = {isa = PBXFileReference; fileEncoding = 4; lastKnownFileType = sourcecode.swift; path = SessionData.swift; sourceTree = "<group>"; };
		E25DF1C022CB3C8600AC270E /* AssetEncryption.swift */ = {isa = PBXFileReference; fileEncoding = 4; lastKnownFileType = sourcecode.swift; path = AssetEncryption.swift; sourceTree = "<group>"; };
		E25DF1C822CB3EA100AC270E /* TransactionsViewController.swift */ = {isa = PBXFileReference; fileEncoding = 4; lastKnownFileType = sourcecode.swift; path = TransactionsViewController.swift; sourceTree = "<group>"; };
		E25DF1CB22CB3F1E00AC270E /* Array+Bitmark+Extension.swift */ = {isa = PBXFileReference; fileEncoding = 4; lastKnownFileType = sourcecode.swift; path = "Array+Bitmark+Extension.swift"; sourceTree = "<group>"; };
		E25DF1CC22CB3F1E00AC270E /* Array+Transaction+Extension.swift */ = {isa = PBXFileReference; fileEncoding = 4; lastKnownFileType = sourcecode.swift; path = "Array+Transaction+Extension.swift"; sourceTree = "<group>"; };
		E25DF1D122CB3F3600AC270E /* TransactionsWithRelative.swift */ = {isa = PBXFileReference; fileEncoding = 4; lastKnownFileType = sourcecode.swift; path = TransactionsWithRelative.swift; sourceTree = "<group>"; };
		E25DF1D522CB3F4700AC270E /* SyncStorageBase.swift */ = {isa = PBXFileReference; fileEncoding = 4; lastKnownFileType = sourcecode.swift; path = SyncStorageBase.swift; sourceTree = "<group>"; };
		E25DF1D622CB3F4700AC270E /* BitmarkStorage.swift */ = {isa = PBXFileReference; fileEncoding = 4; lastKnownFileType = sourcecode.swift; path = BitmarkStorage.swift; sourceTree = "<group>"; };
		E25DF1D722CB3F4700AC270E /* TransactionStorage.swift */ = {isa = PBXFileReference; fileEncoding = 4; lastKnownFileType = sourcecode.swift; path = TransactionStorage.swift; sourceTree = "<group>"; };
		E27CD23D229E407C00503D6A /* UILabel+Extension.swift */ = {isa = PBXFileReference; lastKnownFileType = sourcecode.swift; path = "UILabel+Extension.swift"; sourceTree = "<group>"; };
		E283CB0522B3B1EA00CCB4E5 /* AssetService.swift */ = {isa = PBXFileReference; lastKnownFileType = sourcecode.swift; path = AssetService.swift; sourceTree = "<group>"; };
		E28F1ABC22CA428000B0256F /* crypto_stream_salsa2012.h */ = {isa = PBXFileReference; fileEncoding = 4; lastKnownFileType = sourcecode.c.h; path = crypto_stream_salsa2012.h; sourceTree = "<group>"; };
		E28F1ABD22CA428000B0256F /* sodium_lib.h */ = {isa = PBXFileReference; fileEncoding = 4; lastKnownFileType = sourcecode.c.h; path = sodium_lib.h; sourceTree = "<group>"; };
		E28F1ABE22CA428000B0256F /* crypto_auth.h */ = {isa = PBXFileReference; fileEncoding = 4; lastKnownFileType = sourcecode.c.h; path = crypto_auth.h; sourceTree = "<group>"; };
		E28F1ABF22CA428000B0256F /* utils.h */ = {isa = PBXFileReference; fileEncoding = 4; lastKnownFileType = sourcecode.c.h; path = utils.h; sourceTree = "<group>"; };
		E28F1AC022CA428000B0256F /* crypto_core_hchacha20.h */ = {isa = PBXFileReference; fileEncoding = 4; lastKnownFileType = sourcecode.c.h; path = crypto_core_hchacha20.h; sourceTree = "<group>"; };
		E28F1AC122CA428000B0256F /* crypto_hash_sha512.h */ = {isa = PBXFileReference; fileEncoding = 4; lastKnownFileType = sourcecode.c.h; path = crypto_hash_sha512.h; sourceTree = "<group>"; };
		E28F1AC222CA428000B0256F /* crypto_core_curve25519.h */ = {isa = PBXFileReference; fileEncoding = 4; lastKnownFileType = sourcecode.c.h; path = crypto_core_curve25519.h; sourceTree = "<group>"; };
		E28F1AC322CA428000B0256F /* core.h */ = {isa = PBXFileReference; fileEncoding = 4; lastKnownFileType = sourcecode.c.h; path = core.h; sourceTree = "<group>"; };
		E28F1AC422CA428000B0256F /* version.h */ = {isa = PBXFileReference; fileEncoding = 4; lastKnownFileType = sourcecode.c.h; path = version.h; sourceTree = "<group>"; };
		E28F1AC522CA428000B0256F /* export.h */ = {isa = PBXFileReference; fileEncoding = 4; lastKnownFileType = sourcecode.c.h; path = export.h; sourceTree = "<group>"; };
		E28F1AC622CA428000B0256F /* randombytes_salsa20_random.h */ = {isa = PBXFileReference; fileEncoding = 4; lastKnownFileType = sourcecode.c.h; path = randombytes_salsa20_random.h; sourceTree = "<group>"; };
		E28F1AC722CA428000B0256F /* crypto_core_salsa20.h */ = {isa = PBXFileReference; fileEncoding = 4; lastKnownFileType = sourcecode.c.h; path = crypto_core_salsa20.h; sourceTree = "<group>"; };
		E28F1AC822CA428000B0256F /* crypto_shorthash_siphash24.h */ = {isa = PBXFileReference; fileEncoding = 4; lastKnownFileType = sourcecode.c.h; path = crypto_shorthash_siphash24.h; sourceTree = "<group>"; };
		E28F1AC922CA428000B0256F /* randombytes.h */ = {isa = PBXFileReference; fileEncoding = 4; lastKnownFileType = sourcecode.c.h; path = randombytes.h; sourceTree = "<group>"; };
		E28F1ACA22CA428000B0256F /* crypto_hash_sha256.h */ = {isa = PBXFileReference; fileEncoding = 4; lastKnownFileType = sourcecode.c.h; path = crypto_hash_sha256.h; sourceTree = "<group>"; };
		E28F1ACB22CA428000B0256F /* crypto_stream.h */ = {isa = PBXFileReference; fileEncoding = 4; lastKnownFileType = sourcecode.c.h; path = crypto_stream.h; sourceTree = "<group>"; };
		E28F1ACC22CA428000B0256F /* crypto_auth_hmacsha512.h */ = {isa = PBXFileReference; fileEncoding = 4; lastKnownFileType = sourcecode.c.h; path = crypto_auth_hmacsha512.h; sourceTree = "<group>"; };
		E28F1ACD22CA428000B0256F /* crypto_aead_xchacha20poly1305.h */ = {isa = PBXFileReference; fileEncoding = 4; lastKnownFileType = sourcecode.c.h; path = crypto_aead_xchacha20poly1305.h; sourceTree = "<group>"; };
		E28F1ACE22CA428000B0256F /* crypto_stream_salsa20.h */ = {isa = PBXFileReference; fileEncoding = 4; lastKnownFileType = sourcecode.c.h; path = crypto_stream_salsa20.h; sourceTree = "<group>"; };
		E28F1ACF22CA428000B0256F /* crypto_onetimeauth_poly1305.h */ = {isa = PBXFileReference; fileEncoding = 4; lastKnownFileType = sourcecode.c.h; path = crypto_onetimeauth_poly1305.h; sourceTree = "<group>"; };
		E28F1AD022CA428000B0256F /* crypto_kx.h */ = {isa = PBXFileReference; fileEncoding = 4; lastKnownFileType = sourcecode.c.h; path = crypto_kx.h; sourceTree = "<group>"; };
		E28F1AD122CA428000B0256F /* crypto_hash.h */ = {isa = PBXFileReference; fileEncoding = 4; lastKnownFileType = sourcecode.c.h; path = crypto_hash.h; sourceTree = "<group>"; };
		E28F1AD222CA428000B0256F /* crypto_sign.h */ = {isa = PBXFileReference; fileEncoding = 4; lastKnownFileType = sourcecode.c.h; path = crypto_sign.h; sourceTree = "<group>"; };
		E28F1AD322CA428000B0256F /* crypto_kdf.h */ = {isa = PBXFileReference; fileEncoding = 4; lastKnownFileType = sourcecode.c.h; path = crypto_kdf.h; sourceTree = "<group>"; };
		E28F1AD422CA428000B0256F /* crypto_auth_hmacsha256.h */ = {isa = PBXFileReference; fileEncoding = 4; lastKnownFileType = sourcecode.c.h; path = crypto_auth_hmacsha256.h; sourceTree = "<group>"; };
		E28F1AD522CA428000B0256F /* crypto_box.h */ = {isa = PBXFileReference; fileEncoding = 4; lastKnownFileType = sourcecode.c.h; path = crypto_box.h; sourceTree = "<group>"; };
		E28F1AD622CA428000B0256F /* crypto_verify_32.h */ = {isa = PBXFileReference; fileEncoding = 4; lastKnownFileType = sourcecode.c.h; path = crypto_verify_32.h; sourceTree = "<group>"; };
		E28F1AD722CA428000B0256F /* crypto_stream_xchacha20.h */ = {isa = PBXFileReference; fileEncoding = 4; lastKnownFileType = sourcecode.c.h; path = crypto_stream_xchacha20.h; sourceTree = "<group>"; };
		E28F1AD822CA428000B0256F /* crypto_core_salsa208.h */ = {isa = PBXFileReference; fileEncoding = 4; lastKnownFileType = sourcecode.c.h; path = crypto_core_salsa208.h; sourceTree = "<group>"; };
		E28F1AD922CA428000B0256F /* crypto_auth_hmacsha512256.h */ = {isa = PBXFileReference; fileEncoding = 4; lastKnownFileType = sourcecode.c.h; path = crypto_auth_hmacsha512256.h; sourceTree = "<group>"; };
		E28F1ADA22CA428000B0256F /* crypto_aead_chacha20poly1305.h */ = {isa = PBXFileReference; fileEncoding = 4; lastKnownFileType = sourcecode.c.h; path = crypto_aead_chacha20poly1305.h; sourceTree = "<group>"; };
		E28F1ADB22CA428000B0256F /* randombytes_sysrandom.h */ = {isa = PBXFileReference; fileEncoding = 4; lastKnownFileType = sourcecode.c.h; path = randombytes_sysrandom.h; sourceTree = "<group>"; };
		E28F1ADC22CA428000B0256F /* runtime.h */ = {isa = PBXFileReference; fileEncoding = 4; lastKnownFileType = sourcecode.c.h; path = runtime.h; sourceTree = "<group>"; };
		E28F1ADD22CA428000B0256F /* crypto_stream_salsa208.h */ = {isa = PBXFileReference; fileEncoding = 4; lastKnownFileType = sourcecode.c.h; path = crypto_stream_salsa208.h; sourceTree = "<group>"; };
		E28F1ADE22CA428000B0256F /* crypto_aead_aes256gcm.h */ = {isa = PBXFileReference; fileEncoding = 4; lastKnownFileType = sourcecode.c.h; path = crypto_aead_aes256gcm.h; sourceTree = "<group>"; };
		E28F1ADF22CA428000B0256F /* crypto_core_salsa2012.h */ = {isa = PBXFileReference; fileEncoding = 4; lastKnownFileType = sourcecode.c.h; path = crypto_core_salsa2012.h; sourceTree = "<group>"; };
		E28F1AE022CA428000B0256F /* crypto_secretbox_xchacha20poly1305.h */ = {isa = PBXFileReference; fileEncoding = 4; lastKnownFileType = sourcecode.c.h; path = crypto_secretbox_xchacha20poly1305.h; sourceTree = "<group>"; };
		E28F1AE122CA428000B0256F /* crypto_scalarmult.h */ = {isa = PBXFileReference; fileEncoding = 4; lastKnownFileType = sourcecode.c.h; path = crypto_scalarmult.h; sourceTree = "<group>"; };
		E28F1AE222CA428000B0256F /* crypto_pwhash.h */ = {isa = PBXFileReference; fileEncoding = 4; lastKnownFileType = sourcecode.c.h; path = crypto_pwhash.h; sourceTree = "<group>"; };
		E28F1AE322CA428000B0256F /* crypto_verify_16.h */ = {isa = PBXFileReference; fileEncoding = 4; lastKnownFileType = sourcecode.c.h; path = crypto_verify_16.h; sourceTree = "<group>"; };
		E28F1AE422CA428000B0256F /* crypto_stream_chacha20.h */ = {isa = PBXFileReference; fileEncoding = 4; lastKnownFileType = sourcecode.c.h; path = crypto_stream_chacha20.h; sourceTree = "<group>"; };
		E28F1AE522CA428000B0256F /* crypto_stream_xsalsa20.h */ = {isa = PBXFileReference; fileEncoding = 4; lastKnownFileType = sourcecode.c.h; path = crypto_stream_xsalsa20.h; sourceTree = "<group>"; };
		E28F1AE622CA428000B0256F /* crypto_core_hsalsa20.h */ = {isa = PBXFileReference; fileEncoding = 4; lastKnownFileType = sourcecode.c.h; path = crypto_core_hsalsa20.h; sourceTree = "<group>"; };
		E28F1AE722CA428000B0256F /* crypto_kdf_blake2b.h */ = {isa = PBXFileReference; fileEncoding = 4; lastKnownFileType = sourcecode.c.h; path = crypto_kdf_blake2b.h; sourceTree = "<group>"; };
		E28F1AE822CA428000B0256F /* crypto_scalarmult_curve25519.h */ = {isa = PBXFileReference; fileEncoding = 4; lastKnownFileType = sourcecode.c.h; path = crypto_scalarmult_curve25519.h; sourceTree = "<group>"; };
		E28F1AE922CA428000B0256F /* crypto_shorthash.h */ = {isa = PBXFileReference; fileEncoding = 4; lastKnownFileType = sourcecode.c.h; path = crypto_shorthash.h; sourceTree = "<group>"; };
		E28F1AEA22CA428000B0256F /* libsodium-ios.a */ = {isa = PBXFileReference; lastKnownFileType = archive.ar; path = "libsodium-ios.a"; sourceTree = "<group>"; };
		E28F1AEB22CA428000B0256F /* crypto_pwhash_argon2id.h */ = {isa = PBXFileReference; fileEncoding = 4; lastKnownFileType = sourcecode.c.h; path = crypto_pwhash_argon2id.h; sourceTree = "<group>"; };
		E28F1AEC22CA428000B0256F /* crypto_secretstream_xchacha20poly1305.h */ = {isa = PBXFileReference; fileEncoding = 4; lastKnownFileType = sourcecode.c.h; path = crypto_secretstream_xchacha20poly1305.h; sourceTree = "<group>"; };
		E28F1AED22CA428000B0256F /* crypto_pwhash_scryptsalsa208sha256.h */ = {isa = PBXFileReference; fileEncoding = 4; lastKnownFileType = sourcecode.c.h; path = crypto_pwhash_scryptsalsa208sha256.h; sourceTree = "<group>"; };
		E28F1AEE22CA428000B0256F /* module.modulemap */ = {isa = PBXFileReference; fileEncoding = 4; lastKnownFileType = "sourcecode.module-map"; path = module.modulemap; sourceTree = "<group>"; };
		E28F1AEF22CA428000B0256F /* crypto_sign_ed25519.h */ = {isa = PBXFileReference; fileEncoding = 4; lastKnownFileType = sourcecode.c.h; path = crypto_sign_ed25519.h; sourceTree = "<group>"; };
		E28F1AF022CA428000B0256F /* crypto_onetimeauth.h */ = {isa = PBXFileReference; fileEncoding = 4; lastKnownFileType = sourcecode.c.h; path = crypto_onetimeauth.h; sourceTree = "<group>"; };
		E28F1AF122CA428000B0256F /* crypto_verify_64.h */ = {isa = PBXFileReference; fileEncoding = 4; lastKnownFileType = sourcecode.c.h; path = crypto_verify_64.h; sourceTree = "<group>"; };
		E28F1AF222CA428000B0256F /* crypto_box_curve25519xchacha20poly1305.h */ = {isa = PBXFileReference; fileEncoding = 4; lastKnownFileType = sourcecode.c.h; path = crypto_box_curve25519xchacha20poly1305.h; sourceTree = "<group>"; };
		E28F1AF322CA428000B0256F /* crypto_core_ed25519.h */ = {isa = PBXFileReference; fileEncoding = 4; lastKnownFileType = sourcecode.c.h; path = crypto_core_ed25519.h; sourceTree = "<group>"; };
		E28F1AF422CA428000B0256F /* crypto_pwhash_argon2i.h */ = {isa = PBXFileReference; fileEncoding = 4; lastKnownFileType = sourcecode.c.h; path = crypto_pwhash_argon2i.h; sourceTree = "<group>"; };
		E28F1AF522CA428000B0256F /* crypto_generichash.h */ = {isa = PBXFileReference; fileEncoding = 4; lastKnownFileType = sourcecode.c.h; path = crypto_generichash.h; sourceTree = "<group>"; };
		E28F1AF622CA428000B0256F /* crypto_secretbox_xsalsa20poly1305.h */ = {isa = PBXFileReference; fileEncoding = 4; lastKnownFileType = sourcecode.c.h; path = crypto_secretbox_xsalsa20poly1305.h; sourceTree = "<group>"; };
		E28F1AF722CA428000B0256F /* crypto_secretbox.h */ = {isa = PBXFileReference; fileEncoding = 4; lastKnownFileType = sourcecode.c.h; path = crypto_secretbox.h; sourceTree = "<group>"; };
		E28F1AF822CA428000B0256F /* crypto_scalarmult_ed25519.h */ = {isa = PBXFileReference; fileEncoding = 4; lastKnownFileType = sourcecode.c.h; path = crypto_scalarmult_ed25519.h; sourceTree = "<group>"; };
		E28F1AF922CA428000B0256F /* crypto_box_curve25519xsalsa20poly1305.h */ = {isa = PBXFileReference; fileEncoding = 4; lastKnownFileType = sourcecode.c.h; path = crypto_box_curve25519xsalsa20poly1305.h; sourceTree = "<group>"; };
		E28F1AFA22CA428000B0256F /* crypto_generichash_blake2b.h */ = {isa = PBXFileReference; fileEncoding = 4; lastKnownFileType = sourcecode.c.h; path = crypto_generichash_blake2b.h; sourceTree = "<group>"; };
		E28F1AFB22CA428000B0256F /* crypto_sign_edwards25519sha512batch.h */ = {isa = PBXFileReference; fileEncoding = 4; lastKnownFileType = sourcecode.c.h; path = crypto_sign_edwards25519sha512batch.h; sourceTree = "<group>"; };
		E28F1AFC22CA428000B0256F /* Chacha20Poly1305.swift */ = {isa = PBXFileReference; fileEncoding = 4; lastKnownFileType = sourcecode.swift; path = Chacha20Poly1305.swift; sourceTree = "<group>"; };
		E29A740E22AA49990052C716 /* BitmarkRegistry Dev.app */ = {isa = PBXFileReference; explicitFileType = wrapper.application; includeInIndex = 0; path = "BitmarkRegistry Dev.app"; sourceTree = BUILT_PRODUCTS_DIR; };
		E29A740F22AA49990052C716 /* Dev-Info.plist */ = {isa = PBXFileReference; lastKnownFileType = text.plist.xml; name = "Dev-Info.plist"; path = "/Users/mac/code/Bitcoin - Blockchain/Swift/BitmarkRegistry/Dev-Info.plist"; sourceTree = "<absolute>"; };
		E2ADFD1422BC6FCC00FC46D8 /* TransferBitmarkViewController.swift */ = {isa = PBXFileReference; fileEncoding = 4; lastKnownFileType = sourcecode.swift; path = TransferBitmarkViewController.swift; sourceTree = "<group>"; };
		E2ADFD1822BC72BF00FC46D8 /* QRViewController.swift */ = {isa = PBXFileReference; fileEncoding = 4; lastKnownFileType = sourcecode.swift; path = QRViewController.swift; sourceTree = "<group>"; };
		E2ADFD1922BC72BF00FC46D8 /* QRScannerViewController.swift */ = {isa = PBXFileReference; fileEncoding = 4; lastKnownFileType = sourcecode.swift; path = QRScannerViewController.swift; sourceTree = "<group>"; };
		E2ADFD1E22BC742900FC46D8 /* QRCode.swift */ = {isa = PBXFileReference; fileEncoding = 4; lastKnownFileType = sourcecode.swift; path = QRCode.swift; sourceTree = "<group>"; };
		E2ADFD2522BCE37700FC46D8 /* BiometricAuth.swift */ = {isa = PBXFileReference; lastKnownFileType = sourcecode.swift; path = BiometricAuth.swift; sourceTree = "<group>"; };
		E2BEC94822AF5C3F009F7DF5 /* TestRecoveryPhraseViewController.swift */ = {isa = PBXFileReference; lastKnownFileType = sourcecode.swift; path = TestRecoveryPhraseViewController.swift; sourceTree = "<group>"; };
		E2BEC94A22AF5DC8009F7DF5 /* BaseRecoveryPhraseViewController.swift */ = {isa = PBXFileReference; lastKnownFileType = sourcecode.swift; path = BaseRecoveryPhraseViewController.swift; sourceTree = "<group>"; };
		E2BEC94C22AF612C009F7DF5 /* TestRecoveryPhraseCell.swift */ = {isa = PBXFileReference; lastKnownFileType = sourcecode.swift; path = TestRecoveryPhraseCell.swift; sourceTree = "<group>"; };
		E2BEC94E22AF699D009F7DF5 /* TestPhraseOptionCell.swift */ = {isa = PBXFileReference; lastKnownFileType = sourcecode.swift; path = TestPhraseOptionCell.swift; sourceTree = "<group>"; };
		E2BEC95A22AFA6F8009F7DF5 /* PropertiesViewController.swift */ = {isa = PBXFileReference; lastKnownFileType = sourcecode.swift; path = PropertiesViewController.swift; sourceTree = "<group>"; };
		E2BEC95D22AFB1B0009F7DF5 /* RegisterPropertyViewController.swift */ = {isa = PBXFileReference; lastKnownFileType = sourcecode.swift; path = RegisterPropertyViewController.swift; sourceTree = "<group>"; };
		E2BEC96022AFC24F009F7DF5 /* Constant.swift */ = {isa = PBXFileReference; lastKnownFileType = sourcecode.swift; path = Constant.swift; sourceTree = "<group>"; };
		E2BEC96322AFC9B0009F7DF5 /* RegisterPropertyRightsViewController.swift */ = {isa = PBXFileReference; lastKnownFileType = sourcecode.swift; path = RegisterPropertyRightsViewController.swift; sourceTree = "<group>"; };
		E2C05CA022AEAB7E002B3350 /* RecoveryPhraseViewController.swift */ = {isa = PBXFileReference; lastKnownFileType = sourcecode.swift; path = RecoveryPhraseViewController.swift; sourceTree = "<group>"; };
		E2C05CA322AEAC89002B3350 /* RecoveryPhraseCell.swift */ = {isa = PBXFileReference; lastKnownFileType = sourcecode.swift; path = RecoveryPhraseCell.swift; sourceTree = "<group>"; };
		E2CECFC122D3045B00468BFC /* EventDelegate.swift */ = {isa = PBXFileReference; lastKnownFileType = sourcecode.swift; path = EventDelegate.swift; sourceTree = "<group>"; };
		E2CEDC7222BB934900B5BBF9 /* YourPropertyCell.swift */ = {isa = PBXFileReference; fileEncoding = 4; lastKnownFileType = sourcecode.swift; path = YourPropertyCell.swift; sourceTree = "<group>"; };
		E2CEDC7522BB93CB00B5BBF9 /* BitmarkService.swift */ = {isa = PBXFileReference; fileEncoding = 4; lastKnownFileType = sourcecode.swift; path = BitmarkService.swift; sourceTree = "<group>"; };
		E2CEDC7B22BB94D800B5BBF9 /* String+Extension.swift */ = {isa = PBXFileReference; fileEncoding = 4; lastKnownFileType = sourcecode.swift; path = "String+Extension.swift"; sourceTree = "<group>"; };
		E2CEDC7C22BB94D800B5BBF9 /* FileManager+Extension.swift */ = {isa = PBXFileReference; fileEncoding = 4; lastKnownFileType = sourcecode.swift; path = "FileManager+Extension.swift"; sourceTree = "<group>"; };
		E2CEDC8222BB951C00B5BBF9 /* BitmarksWithAsset.swift */ = {isa = PBXFileReference; fileEncoding = 4; lastKnownFileType = sourcecode.swift; path = BitmarksWithAsset.swift; sourceTree = "<group>"; };
		E2CF94CC22CB31E500B40C66 /* TouchAuthenticationViewController.swift */ = {isa = PBXFileReference; fileEncoding = 4; lastKnownFileType = sourcecode.swift; name = TouchAuthenticationViewController.swift; path = BitmarkRegistry/Controllers/Onboarding/TouchAuthenticationViewController.swift; sourceTree = SOURCE_ROOT; };
		E2CF94CF22CB323400B40C66 /* AccountKeyService.swift */ = {isa = PBXFileReference; fileEncoding = 4; lastKnownFileType = sourcecode.swift; path = AccountKeyService.swift; sourceTree = "<group>"; };
		E2D4342622CC89EB006A8183 /* FileCourierService.swift */ = {isa = PBXFileReference; lastKnownFileType = sourcecode.swift; path = FileCourierService.swift; sourceTree = "<group>"; };
		E2DFDA3522B21233008B1AD5 /* LabelCell.swift */ = {isa = PBXFileReference; lastKnownFileType = sourcecode.swift; path = LabelCell.swift; sourceTree = "<group>"; };
		E2E798B6229E189E00508B69 /* BitmarkRegistry.app */ = {isa = PBXFileReference; explicitFileType = wrapper.application; includeInIndex = 0; path = BitmarkRegistry.app; sourceTree = BUILT_PRODUCTS_DIR; };
		E2E798B9229E189E00508B69 /* AppDelegate.swift */ = {isa = PBXFileReference; lastKnownFileType = sourcecode.swift; path = AppDelegate.swift; sourceTree = "<group>"; };
		E2E798C0229E189F00508B69 /* Assets.xcassets */ = {isa = PBXFileReference; lastKnownFileType = folder.assetcatalog; path = Assets.xcassets; sourceTree = "<group>"; };
		E2E798C3229E189F00508B69 /* Base */ = {isa = PBXFileReference; lastKnownFileType = file.storyboard; name = Base; path = Base.lproj/LaunchScreen.storyboard; sourceTree = "<group>"; };
		E2E798C5229E189F00508B69 /* Info.plist */ = {isa = PBXFileReference; lastKnownFileType = text.plist.xml; path = Info.plist; sourceTree = "<group>"; };
		E2E798D3229E1EA300508B69 /* OnboardingViewController.swift */ = {isa = PBXFileReference; lastKnownFileType = sourcecode.swift; path = OnboardingViewController.swift; sourceTree = "<group>"; };
		E2E798D8229E238900508B69 /* AccountViewController.swift */ = {isa = PBXFileReference; lastKnownFileType = sourcecode.swift; path = AccountViewController.swift; sourceTree = "<group>"; };
		E2E798DA229E25BC00508B69 /* BitmarkSDKService.swift */ = {isa = PBXFileReference; lastKnownFileType = sourcecode.swift; path = BitmarkSDKService.swift; sourceTree = "<group>"; };
		E2E798DC229E25E200508B69 /* Credential.swift */ = {isa = PBXFileReference; lastKnownFileType = sourcecode.swift; path = Credential.swift; sourceTree = "<group>"; };
		E2E798DE229E264100508B69 /* AccountService.swift */ = {isa = PBXFileReference; lastKnownFileType = sourcecode.swift; path = AccountService.swift; sourceTree = "<group>"; };
		E2E798E0229E267500508B69 /* Global.swift */ = {isa = PBXFileReference; lastKnownFileType = sourcecode.swift; path = Global.swift; sourceTree = "<group>"; };
		E2E798E6229E285600508B69 /* KeychainStore.swift */ = {isa = PBXFileReference; lastKnownFileType = sourcecode.swift; path = KeychainStore.swift; sourceTree = "<group>"; };
		E2E798E8229E2A2300508B69 /* UIViewController+Extension.swift */ = {isa = PBXFileReference; lastKnownFileType = sourcecode.swift; path = "UIViewController+Extension.swift"; sourceTree = "<group>"; };
		E2F4893422BFC1E00099DA83 /* WarningRemoveAccessViewController.swift */ = {isa = PBXFileReference; lastKnownFileType = sourcecode.swift; path = WarningRemoveAccessViewController.swift; sourceTree = "<group>"; };
/* End PBXFileReference section */

/* Begin PBXFrameworksBuildPhase section */
		E29A740322AA49990052C716 /* Frameworks */ = {
			isa = PBXFrameworksBuildPhase;
			buildActionMask = 2147483647;
			files = (
				E25DF1C622CB3CD100AC270E /* libsodium-ios.a in Frameworks */,
				2BE5095F442A2BCB182D166B /* Pods_BitmarkRegistry_Dev.framework in Frameworks */,
			);
			runOnlyForDeploymentPostprocessing = 0;
		};
		E2E798B3229E189E00508B69 /* Frameworks */ = {
			isa = PBXFrameworksBuildPhase;
			buildActionMask = 2147483647;
			files = (
				E28F1AFD22CA428000B0256F /* libsodium-ios.a in Frameworks */,
				D12662CE31EFB13CAF295499 /* Pods_BitmarkRegistry.framework in Frameworks */,
				171019F658C2E946E9937FC0 /* Pods_BitmarkRegistry.framework in Frameworks */,
			);
			runOnlyForDeploymentPostprocessing = 0;
		};
/* End PBXFrameworksBuildPhase section */

/* Begin PBXGroup section */
		642B7D0C504CB1496EFFADAB /* Pods */ = {
			isa = PBXGroup;
			children = (
				6F49B2891D8855D7048183F0 /* Pods-BitmarkRegistry.debug.xcconfig */,
				651E9C762774E042F0FA1915 /* Pods-BitmarkRegistry.release.xcconfig */,
				77DBC69DFE134DB0791E0BDF /* Pods-BitmarkRegistry Dev.debug.xcconfig */,
				415E7FF169A545CDDC72796A /* Pods-BitmarkRegistry Dev.release.xcconfig */,
			);
			name = Pods;
			sourceTree = "<group>";
		};
		7FF766A37A0F41DFC0739E97 /* Frameworks */ = {
			isa = PBXGroup;
			children = (
				57E7CECCA519385B4CF367DD /* Pods_BitmarkRegistry.framework */,
				C3A5FB43309FD36695FB8495 /* Pods_BitmarkRegistry_Dev.framework */,
			);
			name = Frameworks;
			sourceTree = "<group>";
		};
		E24D9C5A22AE57FA0095E11D /* Account */ = {
			isa = PBXGroup;
			children = (
				E2E798D8229E238900508B69 /* AccountViewController.swift */,
				E24D9C5B22AE581C0095E11D /* WarningRecoveryPhraseViewController.swift */,
				E2BEC94A22AF5DC8009F7DF5 /* BaseRecoveryPhraseViewController.swift */,
				E2C05CA022AEAB7E002B3350 /* RecoveryPhraseViewController.swift */,
				E2BEC94822AF5C3F009F7DF5 /* TestRecoveryPhraseViewController.swift */,
				E2F4893422BFC1E00099DA83 /* WarningRemoveAccessViewController.swift */,
			);
			path = Account;
			sourceTree = "<group>";
		};
		E25DF1C722CB3EA100AC270E /* Transactions */ = {
			isa = PBXGroup;
			children = (
				E25DF1C822CB3EA100AC270E /* TransactionsViewController.swift */,
			);
			path = Transactions;
			sourceTree = "<group>";
		};
		E25DF1D422CB3F4700AC270E /* SyncStorage */ = {
			isa = PBXGroup;
			children = (
				E25DF1D522CB3F4700AC270E /* SyncStorageBase.swift */,
				E25DF1D622CB3F4700AC270E /* BitmarkStorage.swift */,
				E25DF1D722CB3F4700AC270E /* TransactionStorage.swift */,
			);
			path = SyncStorage;
			sourceTree = "<group>";
		};
		E283CB0422B38BE900CCB4E5 /* Custom Views */ = {
			isa = PBXGroup;
			children = (
				E205107B22B0AA6300475871 /* DesignedTextField.swift */,
				E205108022B1041200475871 /* MetadataForm.swift */,
				E205107822B0A09900475871 /* SubmitButton.swift */,
				E24B527A22BBB7C600E160E3 /* SelfSizedTableView.swift */,
			);
			path = "Custom Views";
			sourceTree = "<group>";
		};
		E28F1ABA22CA428000B0256F /* Encryption */ = {
			isa = PBXGroup;
			children = (
				E28F1ABB22CA428000B0256F /* libsodium */,
				E28F1AFC22CA428000B0256F /* Chacha20Poly1305.swift */,
				E25DF1C022CB3C8600AC270E /* AssetEncryption.swift */,
				E25DF1BF22CB3C8500AC270E /* SessionData.swift */,
			);
			path = Encryption;
			sourceTree = "<group>";
		};
		E28F1ABB22CA428000B0256F /* libsodium */ = {
			isa = PBXGroup;
			children = (
				E28F1ABC22CA428000B0256F /* crypto_stream_salsa2012.h */,
				E28F1ABD22CA428000B0256F /* sodium_lib.h */,
				E28F1ABE22CA428000B0256F /* crypto_auth.h */,
				E28F1ABF22CA428000B0256F /* utils.h */,
				E28F1AC022CA428000B0256F /* crypto_core_hchacha20.h */,
				E28F1AC122CA428000B0256F /* crypto_hash_sha512.h */,
				E28F1AC222CA428000B0256F /* crypto_core_curve25519.h */,
				E28F1AC322CA428000B0256F /* core.h */,
				E28F1AC422CA428000B0256F /* version.h */,
				E28F1AC522CA428000B0256F /* export.h */,
				E28F1AC622CA428000B0256F /* randombytes_salsa20_random.h */,
				E28F1AC722CA428000B0256F /* crypto_core_salsa20.h */,
				E28F1AC822CA428000B0256F /* crypto_shorthash_siphash24.h */,
				E28F1AC922CA428000B0256F /* randombytes.h */,
				E28F1ACA22CA428000B0256F /* crypto_hash_sha256.h */,
				E28F1ACB22CA428000B0256F /* crypto_stream.h */,
				E28F1ACC22CA428000B0256F /* crypto_auth_hmacsha512.h */,
				E28F1ACD22CA428000B0256F /* crypto_aead_xchacha20poly1305.h */,
				E28F1ACE22CA428000B0256F /* crypto_stream_salsa20.h */,
				E28F1ACF22CA428000B0256F /* crypto_onetimeauth_poly1305.h */,
				E28F1AD022CA428000B0256F /* crypto_kx.h */,
				E28F1AD122CA428000B0256F /* crypto_hash.h */,
				E28F1AD222CA428000B0256F /* crypto_sign.h */,
				E28F1AD322CA428000B0256F /* crypto_kdf.h */,
				E28F1AD422CA428000B0256F /* crypto_auth_hmacsha256.h */,
				E28F1AD522CA428000B0256F /* crypto_box.h */,
				E28F1AD622CA428000B0256F /* crypto_verify_32.h */,
				E28F1AD722CA428000B0256F /* crypto_stream_xchacha20.h */,
				E28F1AD822CA428000B0256F /* crypto_core_salsa208.h */,
				E28F1AD922CA428000B0256F /* crypto_auth_hmacsha512256.h */,
				E28F1ADA22CA428000B0256F /* crypto_aead_chacha20poly1305.h */,
				E28F1ADB22CA428000B0256F /* randombytes_sysrandom.h */,
				E28F1ADC22CA428000B0256F /* runtime.h */,
				E28F1ADD22CA428000B0256F /* crypto_stream_salsa208.h */,
				E28F1ADE22CA428000B0256F /* crypto_aead_aes256gcm.h */,
				E28F1ADF22CA428000B0256F /* crypto_core_salsa2012.h */,
				E28F1AE022CA428000B0256F /* crypto_secretbox_xchacha20poly1305.h */,
				E28F1AE122CA428000B0256F /* crypto_scalarmult.h */,
				E28F1AE222CA428000B0256F /* crypto_pwhash.h */,
				E28F1AE322CA428000B0256F /* crypto_verify_16.h */,
				E28F1AE422CA428000B0256F /* crypto_stream_chacha20.h */,
				E28F1AE522CA428000B0256F /* crypto_stream_xsalsa20.h */,
				E28F1AE622CA428000B0256F /* crypto_core_hsalsa20.h */,
				E28F1AE722CA428000B0256F /* crypto_kdf_blake2b.h */,
				E28F1AE822CA428000B0256F /* crypto_scalarmult_curve25519.h */,
				E28F1AE922CA428000B0256F /* crypto_shorthash.h */,
				E28F1AEA22CA428000B0256F /* libsodium-ios.a */,
				E28F1AEB22CA428000B0256F /* crypto_pwhash_argon2id.h */,
				E28F1AEC22CA428000B0256F /* crypto_secretstream_xchacha20poly1305.h */,
				E28F1AED22CA428000B0256F /* crypto_pwhash_scryptsalsa208sha256.h */,
				E28F1AEE22CA428000B0256F /* module.modulemap */,
				E28F1AEF22CA428000B0256F /* crypto_sign_ed25519.h */,
				E28F1AF022CA428000B0256F /* crypto_onetimeauth.h */,
				E28F1AF122CA428000B0256F /* crypto_verify_64.h */,
				E28F1AF222CA428000B0256F /* crypto_box_curve25519xchacha20poly1305.h */,
				E28F1AF322CA428000B0256F /* crypto_core_ed25519.h */,
				E28F1AF422CA428000B0256F /* crypto_pwhash_argon2i.h */,
				E28F1AF522CA428000B0256F /* crypto_generichash.h */,
				E28F1AF622CA428000B0256F /* crypto_secretbox_xsalsa20poly1305.h */,
				E28F1AF722CA428000B0256F /* crypto_secretbox.h */,
				E28F1AF822CA428000B0256F /* crypto_scalarmult_ed25519.h */,
				E28F1AF922CA428000B0256F /* crypto_box_curve25519xsalsa20poly1305.h */,
				E28F1AFA22CA428000B0256F /* crypto_generichash_blake2b.h */,
				E28F1AFB22CA428000B0256F /* crypto_sign_edwards25519sha512batch.h */,
			);
			path = libsodium;
			sourceTree = "<group>";
		};
		E2ADFD1722BC72AB00FC46D8 /* QRCode */ = {
			isa = PBXGroup;
			children = (
				E2ADFD1922BC72BF00FC46D8 /* QRScannerViewController.swift */,
				E2ADFD1822BC72BF00FC46D8 /* QRViewController.swift */,
			);
			path = QRCode;
			sourceTree = "<group>";
		};
		E2BEC95922AFA6D6009F7DF5 /* Properties */ = {
			isa = PBXGroup;
			children = (
				E2BEC95A22AFA6F8009F7DF5 /* PropertiesViewController.swift */,
				E2BEC95D22AFB1B0009F7DF5 /* RegisterPropertyViewController.swift */,
				E2BEC96322AFC9B0009F7DF5 /* RegisterPropertyRightsViewController.swift */,
				E205107E22B0FB6600475871 /* MetadataLabelViewController.swift */,
				E24B527722BBB74D00E160E3 /* BitmarkDetailViewController.swift */,
				E2ADFD1422BC6FCC00FC46D8 /* TransferBitmarkViewController.swift */,
			);
			path = Properties;
			sourceTree = "<group>";
		};
		E2C05CA222AEAC74002B3350 /* Cells */ = {
			isa = PBXGroup;
			children = (
				E2C05CA322AEAC89002B3350 /* RecoveryPhraseCell.swift */,
				E2BEC94C22AF612C009F7DF5 /* TestRecoveryPhraseCell.swift */,
				E2BEC94E22AF699D009F7DF5 /* TestPhraseOptionCell.swift */,
				E2DFDA3522B21233008B1AD5 /* LabelCell.swift */,
				E2CEDC7222BB934900B5BBF9 /* YourPropertyCell.swift */,
				E24B528022BBB8E600E160E3 /* MetadataDetailCell.swift */,
				E24B528322BBB8EB00E160E3 /* TransactionCell.swift */,
				E20472BA22CEE44B0022C1D0 /* TransactionListCell.swift */,
			);
			path = Cells;
			sourceTree = "<group>";
		};
		E2CEDC8122BB94F600B5BBF9 /* Models */ = {
			isa = PBXGroup;
			children = (
				E2CEDC8222BB951C00B5BBF9 /* BitmarksWithAsset.swift */,
				E25DF1D122CB3F3600AC270E /* TransactionsWithRelative.swift */,
			);
			path = Models;
			sourceTree = "<group>";
		};
		E2E798AD229E189E00508B69 = {
			isa = PBXGroup;
			children = (
				E2E798B8229E189E00508B69 /* BitmarkRegistry */,
				E2E798B7229E189E00508B69 /* Products */,
				642B7D0C504CB1496EFFADAB /* Pods */,
				7FF766A37A0F41DFC0739E97 /* Frameworks */,
			);
			sourceTree = "<group>";
		};
		E2E798B7229E189E00508B69 /* Products */ = {
			isa = PBXGroup;
			children = (
				E2E798B6229E189E00508B69 /* BitmarkRegistry.app */,
				E29A740E22AA49990052C716 /* BitmarkRegistry Dev.app */,
			);
			name = Products;
			sourceTree = "<group>";
		};
		E2E798B8229E189E00508B69 /* BitmarkRegistry */ = {
			isa = PBXGroup;
			children = (
				E2E798B9229E189E00508B69 /* AppDelegate.swift */,
				E2E798D0229E1CBD00508B69 /* Controllers */,
				E2E798CF229E1CB100508B69 /* Storyboards */,
				E2C05CA222AEAC74002B3350 /* Cells */,
				E283CB0422B38BE900CCB4E5 /* Custom Views */,
				E2CEDC8122BB94F600B5BBF9 /* Models */,
				E2E798CE229E1CAE00508B69 /* Services */,
				E2E798CD229E1CAC00508B69 /* Helpers */,
				E2E798CC229E1CA900508B69 /* Extensions */,
				E2E798CB229E1CA700508B69 /* Supporting Files */,
				E2E798D1229E1CFB00508B69 /* Secrets */,
				E2E798C5229E189F00508B69 /* Info.plist */,
				E29A740F22AA49990052C716 /* Dev-Info.plist */,
			);
			path = BitmarkRegistry;
			sourceTree = "<group>";
		};
		E2E798CB229E1CA700508B69 /* Supporting Files */ = {
			isa = PBXGroup;
			children = (
				E2E798C0229E189F00508B69 /* Assets.xcassets */,
			);
			path = "Supporting Files";
			sourceTree = "<group>";
		};
		E2E798CC229E1CA900508B69 /* Extensions */ = {
			isa = PBXGroup;
			children = (
				E25DF1CB22CB3F1E00AC270E /* Array+Bitmark+Extension.swift */,
				E25DF1CC22CB3F1E00AC270E /* Array+Transaction+Extension.swift */,
				E2CEDC7C22BB94D800B5BBF9 /* FileManager+Extension.swift */,
				E2CEDC7B22BB94D800B5BBF9 /* String+Extension.swift */,
				E24D9C5D22AE5E480095E11D /* UIButton+AddTargetClosure+Extension.swift */,
				E24D9C4922ADFE8E0095E11D /* UIColor+Extension.swift */,
				E27CD23D229E407C00503D6A /* UILabel+Extension.swift */,
				E24D9C4F22AE149D0095E11D /* UIView+Extension.swift */,
				E2E798E8229E2A2300508B69 /* UIViewController+Extension.swift */,
			);
			path = Extensions;
			sourceTree = "<group>";
		};
		E2E798CD229E1CAC00508B69 /* Helpers */ = {
			isa = PBXGroup;
			children = (
				E2ADFD2522BCE37700FC46D8 /* BiometricAuth.swift */,
				E24D9C4B22ADFED80095E11D /* CommonUI.swift */,
				E2BEC96022AFC24F009F7DF5 /* Constant.swift */,
				E2E798DC229E25E200508B69 /* Credential.swift */,
				E2ADFD1E22BC742900FC46D8 /* QRCode.swift */,
				E28F1ABA22CA428000B0256F /* Encryption */,
				E24D795922CA146D00BC9912 /* BitmarkFileUtil.swift */,
				58DB99D522CB4457004A611E /* ErrorReporting.swift */,
			);
			path = Helpers;
			sourceTree = "<group>";
		};
		E2E798CE229E1CAE00508B69 /* Services */ = {
			isa = PBXGroup;
			children = (
				E2E798E0229E267500508B69 /* Global.swift */,
				E2E798DA229E25BC00508B69 /* BitmarkSDKService.swift */,
				E2E798DE229E264100508B69 /* AccountService.swift */,
				E2CF94CF22CB323400B40C66 /* AccountKeyService.swift */,
				E283CB0522B3B1EA00CCB4E5 /* AssetService.swift */,
				E24D795B22CA149400BC9912 /* AssetFileService.swift */,
				E2CEDC7522BB93CB00B5BBF9 /* BitmarkService.swift */,
				E24B527D22BBB8B400E160E3 /* TransactionService.swift */,
				E2E798E6229E285600508B69 /* KeychainStore.swift */,
				E216890722C1F09A00E943B9 /* UserSetting.swift */,
				E2D4342622CC89EB006A8183 /* FileCourierService.swift */,
				E25DF1D422CB3F4700AC270E /* SyncStorage */,
			);
			path = Services;
			sourceTree = "<group>";
		};
		E2E798CF229E1CB100508B69 /* Storyboards */ = {
			isa = PBXGroup;
			children = (
				E2E798C2229E189F00508B69 /* LaunchScreen.storyboard */,
			);
			path = Storyboards;
			sourceTree = "<group>";
		};
		E2E798D0229E1CBD00508B69 /* Controllers */ = {
			isa = PBXGroup;
			children = (
				E2E798D2229E1E8F00508B69 /* Onboarding */,
				E2E798D7229E237500508B69 /* Main */,
			);
			path = Controllers;
			sourceTree = "<group>";
		};
		E2E798D1229E1CFB00508B69 /* Secrets */ = {
			isa = PBXGroup;
			children = (
			);
			path = Secrets;
			sourceTree = "<group>";
		};
		E2E798D2229E1E8F00508B69 /* Onboarding */ = {
			isa = PBXGroup;
			children = (
				E2E798D3229E1EA300508B69 /* OnboardingViewController.swift */,
				E2CF94CC22CB31E500B40C66 /* TouchAuthenticationViewController.swift */,
			);
			path = Onboarding;
			sourceTree = "<group>";
		};
		E2E798D7229E237500508B69 /* Main */ = {
			isa = PBXGroup;
			children = (
				E24D9C4D22AE08EF0095E11D /* CustomTabBarViewController.swift */,
				E2CECFC122D3045B00468BFC /* EventDelegate.swift */,
				E2BEC95922AFA6D6009F7DF5 /* Properties */,
				E24D9C5A22AE57FA0095E11D /* Account */,
				E25DF1C722CB3EA100AC270E /* Transactions */,
				E2ADFD1722BC72AB00FC46D8 /* QRCode */,
			);
			path = Main;
			sourceTree = "<group>";
		};
/* End PBXGroup section */

/* Begin PBXNativeTarget section */
		E29A73F622AA49990052C716 /* BitmarkRegistry Dev */ = {
			isa = PBXNativeTarget;
			buildConfigurationList = E29A740B22AA49990052C716 /* Build configuration list for PBXNativeTarget "BitmarkRegistry Dev" */;
			buildPhases = (
				1EF2783C2F320449B594B7C8 /* [CP] Check Pods Manifest.lock */,
				E29A73F822AA49990052C716 /* Sources */,
				E29A740322AA49990052C716 /* Frameworks */,
				E29A740522AA49990052C716 /* Resources */,
				E94854F455DF6F275C6652D0 /* [CP] Embed Pods Frameworks */,
			);
			buildRules = (
			);
			dependencies = (
			);
			name = "BitmarkRegistry Dev";
			productName = BitmarkRegistry;
			productReference = E29A740E22AA49990052C716 /* BitmarkRegistry Dev.app */;
			productType = "com.apple.product-type.application";
		};
		E2E798B5229E189E00508B69 /* BitmarkRegistry */ = {
			isa = PBXNativeTarget;
			buildConfigurationList = E2E798C8229E189F00508B69 /* Build configuration list for PBXNativeTarget "BitmarkRegistry" */;
			buildPhases = (
				F3F2EBE35BE2BCD9D2EAE5F0 /* [CP] Check Pods Manifest.lock */,
				E2E798B2229E189E00508B69 /* Sources */,
				E2E798B3229E189E00508B69 /* Frameworks */,
				E2E798B4229E189E00508B69 /* Resources */,
				A50385B7145866B82936D62B /* [CP] Embed Pods Frameworks */,
			);
			buildRules = (
			);
			dependencies = (
			);
			name = BitmarkRegistry;
			productName = BitmarkRegistry;
			productReference = E2E798B6229E189E00508B69 /* BitmarkRegistry.app */;
			productType = "com.apple.product-type.application";
		};
/* End PBXNativeTarget section */

/* Begin PBXProject section */
		E2E798AE229E189E00508B69 /* Project object */ = {
			isa = PBXProject;
			attributes = {
				LastSwiftUpdateCheck = 1020;
				LastUpgradeCheck = 1020;
				ORGANIZATIONNAME = thuyentruong;
				TargetAttributes = {
					E29A73F622AA49990052C716 = {
						SystemCapabilities = {
							com.apple.ApplicationGroups.iOS = {
								enabled = 1;
							};
						};
					};
					E2E798B5229E189E00508B69 = {
						CreatedOnToolsVersion = 10.2.1;
						SystemCapabilities = {
							com.apple.ApplicationGroups.iOS = {
								enabled = 1;
							};
						};
					};
				};
			};
			buildConfigurationList = E2E798B1229E189E00508B69 /* Build configuration list for PBXProject "BitmarkRegistry" */;
			compatibilityVersion = "Xcode 9.3";
			developmentRegion = en;
			hasScannedForEncodings = 0;
			knownRegions = (
				en,
				Base,
			);
			mainGroup = E2E798AD229E189E00508B69;
			productRefGroup = E2E798B7229E189E00508B69 /* Products */;
			projectDirPath = "";
			projectRoot = "";
			targets = (
				E2E798B5229E189E00508B69 /* BitmarkRegistry */,
				E29A73F622AA49990052C716 /* BitmarkRegistry Dev */,
			);
		};
/* End PBXProject section */

/* Begin PBXResourcesBuildPhase section */
		E29A740522AA49990052C716 /* Resources */ = {
			isa = PBXResourcesBuildPhase;
			buildActionMask = 2147483647;
			files = (
				E29A740622AA49990052C716 /* LaunchScreen.storyboard in Resources */,
				E29A740722AA49990052C716 /* Assets.xcassets in Resources */,
			);
			runOnlyForDeploymentPostprocessing = 0;
		};
		E2E798B4229E189E00508B69 /* Resources */ = {
			isa = PBXResourcesBuildPhase;
			buildActionMask = 2147483647;
			files = (
				E2E798C4229E189F00508B69 /* LaunchScreen.storyboard in Resources */,
				E2E798C1229E189F00508B69 /* Assets.xcassets in Resources */,
			);
			runOnlyForDeploymentPostprocessing = 0;
		};
/* End PBXResourcesBuildPhase section */

/* Begin PBXShellScriptBuildPhase section */
		1EF2783C2F320449B594B7C8 /* [CP] Check Pods Manifest.lock */ = {
			isa = PBXShellScriptBuildPhase;
			buildActionMask = 2147483647;
			files = (
			);
			inputFileListPaths = (
			);
			inputPaths = (
				"${PODS_PODFILE_DIR_PATH}/Podfile.lock",
				"${PODS_ROOT}/Manifest.lock",
			);
			name = "[CP] Check Pods Manifest.lock";
			outputFileListPaths = (
			);
			outputPaths = (
				"$(DERIVED_FILE_DIR)/Pods-BitmarkRegistry Dev-checkManifestLockResult.txt",
			);
			runOnlyForDeploymentPostprocessing = 0;
			shellPath = /bin/sh;
			shellScript = "diff \"${PODS_PODFILE_DIR_PATH}/Podfile.lock\" \"${PODS_ROOT}/Manifest.lock\" > /dev/null\nif [ $? != 0 ] ; then\n    # print error to STDERR\n    echo \"error: The sandbox is not in sync with the Podfile.lock. Run 'pod install' or update your CocoaPods installation.\" >&2\n    exit 1\nfi\n# This output is used by Xcode 'outputs' to avoid re-running this script phase.\necho \"SUCCESS\" > \"${SCRIPT_OUTPUT_FILE_0}\"\n";
			showEnvVarsInLog = 0;
		};
		A50385B7145866B82936D62B /* [CP] Embed Pods Frameworks */ = {
			isa = PBXShellScriptBuildPhase;
			buildActionMask = 2147483647;
			files = (
			);
			inputFileListPaths = (
			);
			inputPaths = (
				"${SRCROOT}/Pods/Target Support Files/Pods-BitmarkRegistry/Pods-BitmarkRegistry-frameworks.sh",
				"${BUILT_PRODUCTS_DIR}/Alamofire/Alamofire.framework",
				"${BUILT_PRODUCTS_DIR}/BitmarkSDK/BitmarkSDK.framework",
				"${BUILT_PRODUCTS_DIR}/KeychainAccess/KeychainAccess.framework",
				"${BUILT_PRODUCTS_DIR}/ObjcExceptionBridging/ObjcExceptionBridging.framework",
				"${BUILT_PRODUCTS_DIR}/PanModal/PanModal.framework",
				"${BUILT_PRODUCTS_DIR}/Sentry/Sentry.framework",
				"${BUILT_PRODUCTS_DIR}/SnapKit/SnapKit.framework",
				"${BUILT_PRODUCTS_DIR}/Starscream/Starscream.framework",
				"${BUILT_PRODUCTS_DIR}/SwiftCentrifuge/SwiftCentrifuge.framework",
				"${BUILT_PRODUCTS_DIR}/SwiftProtobuf/SwiftProtobuf.framework",
				"${BUILT_PRODUCTS_DIR}/SwifterSwift/SwifterSwift.framework",
				"${BUILT_PRODUCTS_DIR}/TweetNacl/TweetNacl.framework",
				"${BUILT_PRODUCTS_DIR}/XCGLogger/XCGLogger.framework",
			);
			name = "[CP] Embed Pods Frameworks";
			outputFileListPaths = (
			);
			outputPaths = (
				"${TARGET_BUILD_DIR}/${FRAMEWORKS_FOLDER_PATH}/Alamofire.framework",
				"${TARGET_BUILD_DIR}/${FRAMEWORKS_FOLDER_PATH}/BitmarkSDK.framework",
				"${TARGET_BUILD_DIR}/${FRAMEWORKS_FOLDER_PATH}/KeychainAccess.framework",
				"${TARGET_BUILD_DIR}/${FRAMEWORKS_FOLDER_PATH}/ObjcExceptionBridging.framework",
				"${TARGET_BUILD_DIR}/${FRAMEWORKS_FOLDER_PATH}/PanModal.framework",
				"${TARGET_BUILD_DIR}/${FRAMEWORKS_FOLDER_PATH}/Sentry.framework",
				"${TARGET_BUILD_DIR}/${FRAMEWORKS_FOLDER_PATH}/SnapKit.framework",
				"${TARGET_BUILD_DIR}/${FRAMEWORKS_FOLDER_PATH}/Starscream.framework",
				"${TARGET_BUILD_DIR}/${FRAMEWORKS_FOLDER_PATH}/SwiftCentrifuge.framework",
				"${TARGET_BUILD_DIR}/${FRAMEWORKS_FOLDER_PATH}/SwiftProtobuf.framework",
				"${TARGET_BUILD_DIR}/${FRAMEWORKS_FOLDER_PATH}/SwifterSwift.framework",
				"${TARGET_BUILD_DIR}/${FRAMEWORKS_FOLDER_PATH}/TweetNacl.framework",
				"${TARGET_BUILD_DIR}/${FRAMEWORKS_FOLDER_PATH}/XCGLogger.framework",
			);
			runOnlyForDeploymentPostprocessing = 0;
			shellPath = /bin/sh;
			shellScript = "\"${SRCROOT}/Pods/Target Support Files/Pods-BitmarkRegistry/Pods-BitmarkRegistry-frameworks.sh\"\n";
			showEnvVarsInLog = 0;
		};
		E94854F455DF6F275C6652D0 /* [CP] Embed Pods Frameworks */ = {
			isa = PBXShellScriptBuildPhase;
			buildActionMask = 2147483647;
			files = (
			);
			inputFileListPaths = (
			);
			inputPaths = (
				"${SRCROOT}/Pods/Target Support Files/Pods-BitmarkRegistry Dev/Pods-BitmarkRegistry Dev-frameworks.sh",
				"${BUILT_PRODUCTS_DIR}/Alamofire/Alamofire.framework",
				"${BUILT_PRODUCTS_DIR}/BitmarkSDK/BitmarkSDK.framework",
				"${BUILT_PRODUCTS_DIR}/KeychainAccess/KeychainAccess.framework",
				"${BUILT_PRODUCTS_DIR}/ObjcExceptionBridging/ObjcExceptionBridging.framework",
				"${BUILT_PRODUCTS_DIR}/PanModal/PanModal.framework",
				"${BUILT_PRODUCTS_DIR}/Sentry/Sentry.framework",
				"${BUILT_PRODUCTS_DIR}/SnapKit/SnapKit.framework",
				"${BUILT_PRODUCTS_DIR}/Starscream/Starscream.framework",
				"${BUILT_PRODUCTS_DIR}/SwiftCentrifuge/SwiftCentrifuge.framework",
				"${BUILT_PRODUCTS_DIR}/SwiftProtobuf/SwiftProtobuf.framework",
				"${BUILT_PRODUCTS_DIR}/SwifterSwift/SwifterSwift.framework",
				"${BUILT_PRODUCTS_DIR}/TweetNacl/TweetNacl.framework",
				"${BUILT_PRODUCTS_DIR}/XCGLogger/XCGLogger.framework",
			);
			name = "[CP] Embed Pods Frameworks";
			outputFileListPaths = (
			);
			outputPaths = (
				"${TARGET_BUILD_DIR}/${FRAMEWORKS_FOLDER_PATH}/Alamofire.framework",
				"${TARGET_BUILD_DIR}/${FRAMEWORKS_FOLDER_PATH}/BitmarkSDK.framework",
				"${TARGET_BUILD_DIR}/${FRAMEWORKS_FOLDER_PATH}/KeychainAccess.framework",
				"${TARGET_BUILD_DIR}/${FRAMEWORKS_FOLDER_PATH}/ObjcExceptionBridging.framework",
				"${TARGET_BUILD_DIR}/${FRAMEWORKS_FOLDER_PATH}/PanModal.framework",
				"${TARGET_BUILD_DIR}/${FRAMEWORKS_FOLDER_PATH}/Sentry.framework",
				"${TARGET_BUILD_DIR}/${FRAMEWORKS_FOLDER_PATH}/SnapKit.framework",
				"${TARGET_BUILD_DIR}/${FRAMEWORKS_FOLDER_PATH}/Starscream.framework",
				"${TARGET_BUILD_DIR}/${FRAMEWORKS_FOLDER_PATH}/SwiftCentrifuge.framework",
				"${TARGET_BUILD_DIR}/${FRAMEWORKS_FOLDER_PATH}/SwiftProtobuf.framework",
				"${TARGET_BUILD_DIR}/${FRAMEWORKS_FOLDER_PATH}/SwifterSwift.framework",
				"${TARGET_BUILD_DIR}/${FRAMEWORKS_FOLDER_PATH}/TweetNacl.framework",
				"${TARGET_BUILD_DIR}/${FRAMEWORKS_FOLDER_PATH}/XCGLogger.framework",
			);
			runOnlyForDeploymentPostprocessing = 0;
			shellPath = /bin/sh;
			shellScript = "\"${SRCROOT}/Pods/Target Support Files/Pods-BitmarkRegistry Dev/Pods-BitmarkRegistry Dev-frameworks.sh\"\n";
			showEnvVarsInLog = 0;
		};
		F3F2EBE35BE2BCD9D2EAE5F0 /* [CP] Check Pods Manifest.lock */ = {
			isa = PBXShellScriptBuildPhase;
			buildActionMask = 2147483647;
			files = (
			);
			inputFileListPaths = (
			);
			inputPaths = (
				"${PODS_PODFILE_DIR_PATH}/Podfile.lock",
				"${PODS_ROOT}/Manifest.lock",
			);
			name = "[CP] Check Pods Manifest.lock";
			outputFileListPaths = (
			);
			outputPaths = (
				"$(DERIVED_FILE_DIR)/Pods-BitmarkRegistry-checkManifestLockResult.txt",
			);
			runOnlyForDeploymentPostprocessing = 0;
			shellPath = /bin/sh;
			shellScript = "diff \"${PODS_PODFILE_DIR_PATH}/Podfile.lock\" \"${PODS_ROOT}/Manifest.lock\" > /dev/null\nif [ $? != 0 ] ; then\n    # print error to STDERR\n    echo \"error: The sandbox is not in sync with the Podfile.lock. Run 'pod install' or update your CocoaPods installation.\" >&2\n    exit 1\nfi\n# This output is used by Xcode 'outputs' to avoid re-running this script phase.\necho \"SUCCESS\" > \"${SCRIPT_OUTPUT_FILE_0}\"\n";
			showEnvVarsInLog = 0;
		};
/* End PBXShellScriptBuildPhase section */

/* Begin PBXSourcesBuildPhase section */
		E29A73F822AA49990052C716 /* Sources */ = {
			isa = PBXSourcesBuildPhase;
			buildActionMask = 2147483647;
			files = (
				E205107D22B0ABC300475871 /* DesignedTextField.swift in Sources */,
				E2DFDA3722B212FD008B1AD5 /* LabelCell.swift in Sources */,
				E25DF1C222CB3C8600AC270E /* SessionData.swift in Sources */,
				E24B527C22BBB7C600E160E3 /* SelfSizedTableView.swift in Sources */,
				587FE40F22CC5A5000028F9A /* ErrorReporting.swift in Sources */,
				E2BEC95F22AFB4CF009F7DF5 /* RegisterPropertyViewController.swift in Sources */,
				E2ADFD2722BCE37700FC46D8 /* BiometricAuth.swift in Sources */,
				E216890922C1F09A00E943B9 /* UserSetting.swift in Sources */,
				E2BEC95822AF9889009F7DF5 /* UIButton+AddTargetClosure+Extension.swift in Sources */,
				E2ADFD2022BC742900FC46D8 /* QRCode.swift in Sources */,
				E2BEC95C22AFA6FA009F7DF5 /* PropertiesViewController.swift in Sources */,
				E29A73F922AA49990052C716 /* UILabel+Extension.swift in Sources */,
				E29A73FA22AA49990052C716 /* UIViewController+Extension.swift in Sources */,
				E2BEC96522AFC9B0009F7DF5 /* RegisterPropertyRightsViewController.swift in Sources */,
				E24B527922BBB74D00E160E3 /* BitmarkDetailViewController.swift in Sources */,
				E2CF94D122CB323800B40C66 /* AccountKeyService.swift in Sources */,
				E25DF1CA22CB3EAB00AC270E /* TransactionsViewController.swift in Sources */,
				E2CEDC8022BB94D800B5BBF9 /* FileManager+Extension.swift in Sources */,
				E24D795E22CA16CA00BC9912 /* BitmarkFileUtil.swift in Sources */,
				E2CF94CE22CB31FE00B40C66 /* TouchAuthenticationViewController.swift in Sources */,
				E2BEC95022AF986D009F7DF5 /* AccountViewController.swift in Sources */,
				E25DF1CE22CB3F1E00AC270E /* Array+Bitmark+Extension.swift in Sources */,
				E24D9C5122AE49380095E11D /* CustomTabBarViewController.swift in Sources */,
				E29A73FB22AA49990052C716 /* OnboardingViewController.swift in Sources */,
				E2BEC95122AF9871009F7DF5 /* WarningRecoveryPhraseViewController.swift in Sources */,
				E25DF1D922CB3F4700AC270E /* SyncStorageBase.swift in Sources */,
				E29A73FC22AA49990052C716 /* AppDelegate.swift in Sources */,
				E2ADFD1D22BC72BF00FC46D8 /* QRScannerViewController.swift in Sources */,
				E29A73FD22AA49990052C716 /* Credential.swift in Sources */,
				E2BEC95422AF9878009F7DF5 /* TestRecoveryPhraseViewController.swift in Sources */,
				E24B528222BBB8E600E160E3 /* MetadataDetailCell.swift in Sources */,
				E29A73FE22AA49990052C716 /* AccountService.swift in Sources */,
				E2CECFC322D3045B00468BFC /* EventDelegate.swift in Sources */,
				E29A73FF22AA49990052C716 /* BitmarkSDKService.swift in Sources */,
				E24D9C5422AE49510095E11D /* UIView+Extension.swift in Sources */,
				E20472BC22CEE44B0022C1D0 /* TransactionListCell.swift in Sources */,
				E2ADFD1622BC6FCC00FC46D8 /* TransferBitmarkViewController.swift in Sources */,
				E24D9C5222AE49430095E11D /* CommonUI.swift in Sources */,
				E2BEC95722AF9880009F7DF5 /* TestPhraseOptionCell.swift in Sources */,
				E2CEDC7822BB93CC00B5BBF9 /* BitmarkService.swift in Sources */,
				E24D795D22CA169C00BC9912 /* AssetFileService.swift in Sources */,
				E25DF1DB22CB3F4700AC270E /* BitmarkStorage.swift in Sources */,
				E2BEC96222AFC282009F7DF5 /* Constant.swift in Sources */,
				E205107A22B0A0A000475871 /* SubmitButton.swift in Sources */,
				E2CEDC8422BB951C00B5BBF9 /* BitmarksWithAsset.swift in Sources */,
				E2BEC95622AF987E009F7DF5 /* TestRecoveryPhraseCell.swift in Sources */,
				E24B527F22BBB8B400E160E3 /* TransactionService.swift in Sources */,
				E2F4893622BFC1E00099DA83 /* WarningRemoveAccessViewController.swift in Sources */,
				E25DF1DD22CB3F4700AC270E /* TransactionStorage.swift in Sources */,
				E24D9C5322AE494C0095E11D /* UIColor+Extension.swift in Sources */,
				E2BEC95322AF9876009F7DF5 /* RecoveryPhraseViewController.swift in Sources */,
				E25DF1D322CB3F3600AC270E /* TransactionsWithRelative.swift in Sources */,
				E24B528522BBB8EB00E160E3 /* TransactionCell.swift in Sources */,
				E2BEC95522AF987B009F7DF5 /* RecoveryPhraseCell.swift in Sources */,
				E2D4342822CC89EB006A8183 /* FileCourierService.swift in Sources */,
				E2CEDC7E22BB94D800B5BBF9 /* String+Extension.swift in Sources */,
				E25DF1C422CB3C8600AC270E /* AssetEncryption.swift in Sources */,
				E2BEC95222AF9873009F7DF5 /* BaseRecoveryPhraseViewController.swift in Sources */,
				E2ADFD1B22BC72BF00FC46D8 /* QRViewController.swift in Sources */,
				E2CEDC7422BB934900B5BBF9 /* YourPropertyCell.swift in Sources */,
				E25DF1C522CB3C9700AC270E /* Chacha20Poly1305.swift in Sources */,
				E29A740122AA49990052C716 /* Global.swift in Sources */,
				E29A740222AA49990052C716 /* KeychainStore.swift in Sources */,
				E25DF1D022CB3F1E00AC270E /* Array+Transaction+Extension.swift in Sources */,
				E2DFDA3422B1EB46008B1AD5 /* MetadataLabelViewController.swift in Sources */,
				E283CB0722B3B22000CCB4E5 /* AssetService.swift in Sources */,
				E2DFDA3322B1EB43008B1AD5 /* MetadataForm.swift in Sources */,
			);
			runOnlyForDeploymentPostprocessing = 0;
		};
		E2E798B2229E189E00508B69 /* Sources */ = {
			isa = PBXSourcesBuildPhase;
			buildActionMask = 2147483647;
			files = (
				E205107C22B0AA6300475871 /* DesignedTextField.swift in Sources */,
				E2DFDA3622B21233008B1AD5 /* LabelCell.swift in Sources */,
				E24B527B22BBB7C600E160E3 /* SelfSizedTableView.swift in Sources */,
				E2BEC95E22AFB1B0009F7DF5 /* RegisterPropertyViewController.swift in Sources */,
				E2ADFD2622BCE37700FC46D8 /* BiometricAuth.swift in Sources */,
				E216890822C1F09A00E943B9 /* UserSetting.swift in Sources */,
				E27CD23E229E407C00503D6A /* UILabel+Extension.swift in Sources */,
				E2ADFD1F22BC742900FC46D8 /* QRCode.swift in Sources */,
				E24D795C22CA149500BC9912 /* AssetFileService.swift in Sources */,
				E205107F22B0FB6600475871 /* MetadataLabelViewController.swift in Sources */,
				E2BEC95B22AFA6F8009F7DF5 /* PropertiesViewController.swift in Sources */,
				E2E798E9229E2A2300508B69 /* UIViewController+Extension.swift in Sources */,
				E2E798D4229E1EA300508B69 /* OnboardingViewController.swift in Sources */,
				E24B527822BBB74D00E160E3 /* BitmarkDetailViewController.swift in Sources */,
				E2CEDC7F22BB94D800B5BBF9 /* FileManager+Extension.swift in Sources */,
				E24D795A22CA146D00BC9912 /* BitmarkFileUtil.swift in Sources */,
				E2BEC96422AFC9B0009F7DF5 /* RegisterPropertyRightsViewController.swift in Sources */,
				58DB99D622CB4457004A611E /* ErrorReporting.swift in Sources */,
				E24D9C4A22ADFE8E0095E11D /* UIColor+Extension.swift in Sources */,
				E2BEC94922AF5C3F009F7DF5 /* TestRecoveryPhraseViewController.swift in Sources */,
				E25DF1DC22CB3F4700AC270E /* TransactionStorage.swift in Sources */,
				E2CF94CD22CB31E500B40C66 /* TouchAuthenticationViewController.swift in Sources */,
				E2BEC94B22AF5DC8009F7DF5 /* BaseRecoveryPhraseViewController.swift in Sources */,
				E24D9C4C22ADFED80095E11D /* CommonUI.swift in Sources */,
				E2ADFD1C22BC72BF00FC46D8 /* QRScannerViewController.swift in Sources */,
				E205108122B1041200475871 /* MetadataForm.swift in Sources */,
				E25DF1D822CB3F4700AC270E /* SyncStorageBase.swift in Sources */,
				E2CF94D022CB323400B40C66 /* AccountKeyService.swift in Sources */,
				E24D9C5C22AE581C0095E11D /* WarningRecoveryPhraseViewController.swift in Sources */,
				E25DF1C322CB3C8600AC270E /* AssetEncryption.swift in Sources */,
				E24B528122BBB8E600E160E3 /* MetadataDetailCell.swift in Sources */,
				E2BEC94D22AF612C009F7DF5 /* TestRecoveryPhraseCell.swift in Sources */,
				E2CECFC222D3045B00468BFC /* EventDelegate.swift in Sources */,
				E2BEC94F22AF699D009F7DF5 /* TestPhraseOptionCell.swift in Sources */,
				E2E798BA229E189E00508B69 /* AppDelegate.swift in Sources */,
				E20472BB22CEE44B0022C1D0 /* TransactionListCell.swift in Sources */,
				E28F1AFE22CA428000B0256F /* Chacha20Poly1305.swift in Sources */,
				E2ADFD1522BC6FCC00FC46D8 /* TransferBitmarkViewController.swift in Sources */,
				E2E798DD229E25E200508B69 /* Credential.swift in Sources */,
				E2E798DF229E264100508B69 /* AccountService.swift in Sources */,
				E2CEDC7722BB93CC00B5BBF9 /* BitmarkService.swift in Sources */,
				E24D9C5022AE149D0095E11D /* UIView+Extension.swift in Sources */,
				E2E798DB229E25BC00508B69 /* BitmarkSDKService.swift in Sources */,
				E2CEDC8322BB951C00B5BBF9 /* BitmarksWithAsset.swift in Sources */,
				E2BEC96122AFC24F009F7DF5 /* Constant.swift in Sources */,
				E24B527E22BBB8B400E160E3 /* TransactionService.swift in Sources */,
				E2F4893522BFC1E00099DA83 /* WarningRemoveAccessViewController.swift in Sources */,
				E205107922B0A09900475871 /* SubmitButton.swift in Sources */,
				E25DF1CF22CB3F1E00AC270E /* Array+Transaction+Extension.swift in Sources */,
				E25DF1C922CB3EA100AC270E /* TransactionsViewController.swift in Sources */,
				E25DF1D222CB3F3600AC270E /* TransactionsWithRelative.swift in Sources */,
				E2C05CA422AEAC89002B3350 /* RecoveryPhraseCell.swift in Sources */,
				E24B528422BBB8EB00E160E3 /* TransactionCell.swift in Sources */,
				E2D4342722CC89EB006A8183 /* FileCourierService.swift in Sources */,
				E2E798D9229E238900508B69 /* AccountViewController.swift in Sources */,
				E2CEDC7D22BB94D800B5BBF9 /* String+Extension.swift in Sources */,
				E2E798E1229E267500508B69 /* Global.swift in Sources */,
				E25DF1C122CB3C8600AC270E /* SessionData.swift in Sources */,
				E2ADFD1A22BC72BF00FC46D8 /* QRViewController.swift in Sources */,
				E2CEDC7322BB934900B5BBF9 /* YourPropertyCell.swift in Sources */,
				E2C05CA122AEAB7E002B3350 /* RecoveryPhraseViewController.swift in Sources */,
				E25DF1DA22CB3F4700AC270E /* BitmarkStorage.swift in Sources */,
				E2E798E7229E285600508B69 /* KeychainStore.swift in Sources */,
				E24D9C5E22AE5E480095E11D /* UIButton+AddTargetClosure+Extension.swift in Sources */,
				E283CB0622B3B1EA00CCB4E5 /* AssetService.swift in Sources */,
				E25DF1CD22CB3F1E00AC270E /* Array+Bitmark+Extension.swift in Sources */,
				E24D9C4E22AE08EF0095E11D /* CustomTabBarViewController.swift in Sources */,
			);
			runOnlyForDeploymentPostprocessing = 0;
		};
/* End PBXSourcesBuildPhase section */

/* Begin PBXVariantGroup section */
		E2E798C2229E189F00508B69 /* LaunchScreen.storyboard */ = {
			isa = PBXVariantGroup;
			children = (
				E2E798C3229E189F00508B69 /* Base */,
			);
			name = LaunchScreen.storyboard;
			sourceTree = "<group>";
		};
/* End PBXVariantGroup section */

/* Begin XCBuildConfiguration section */
		E29A740C22AA49990052C716 /* Debug */ = {
			isa = XCBuildConfiguration;
			baseConfigurationReference = 77DBC69DFE134DB0791E0BDF /* Pods-BitmarkRegistry Dev.debug.xcconfig */;
			buildSettings = {
				ASSETCATALOG_COMPILER_APPICON_NAME = AppIcon;
				CODE_SIGN_ENTITLEMENTS = "BitmarkRegistry Dev.entitlements";
				CODE_SIGN_IDENTITY = "iPhone Developer";
				CODE_SIGN_STYLE = Automatic;
				DEVELOPMENT_TEAM = K378H9Z4P2;
				INFOPLIST_FILE = "$(SRCROOT)/Dev-Info.plist";
				LD_RUNPATH_SEARCH_PATHS = (
					"$(inherited)",
					"@executable_path/Frameworks",
				);
				LIBRARY_SEARCH_PATHS = (
					"$(inherited)",
					"$(PROJECT_DIR)/BitmarkRegistry/Helpers/Encryption/libsodium",
				);
				OTHER_SWIFT_FLAGS = "\"-D\" \"DEVELOPMENT\"";
				PRODUCT_BUNDLE_IDENTIFIER = com.thuyentruong.BitmarkRegistry;
				PRODUCT_NAME = "$(TARGET_NAME)";
				PROVISIONING_PROFILE_SPECIFIER = "";
				SWIFT_INCLUDE_PATHS = "$(inherited) $(PODS_ROOT)/TweetNacl/Sources $(PROJECT_DIR)/BitmarkRegistry/Helpers/Encryption/libsodium";
				SWIFT_VERSION = 5.0;
				TARGETED_DEVICE_FAMILY = "1,2";
			};
			name = Debug;
		};
		E29A740D22AA49990052C716 /* Release */ = {
			isa = XCBuildConfiguration;
			baseConfigurationReference = 415E7FF169A545CDDC72796A /* Pods-BitmarkRegistry Dev.release.xcconfig */;
			buildSettings = {
				ASSETCATALOG_COMPILER_APPICON_NAME = AppIcon;
				CODE_SIGN_ENTITLEMENTS = "BitmarkRegistry Dev.entitlements";
				CODE_SIGN_IDENTITY = "iPhone Developer";
				CODE_SIGN_STYLE = Automatic;
				DEVELOPMENT_TEAM = K378H9Z4P2;
				INFOPLIST_FILE = "$(SRCROOT)/Dev-Info.plist";
				LD_RUNPATH_SEARCH_PATHS = (
					"$(inherited)",
					"@executable_path/Frameworks",
				);
				LIBRARY_SEARCH_PATHS = (
					"$(inherited)",
					"$(PROJECT_DIR)/BitmarkRegistry/Helpers/Encryption/libsodium",
				);
				OTHER_SWIFT_FLAGS = "\"-D\" \"DEVELOPMENT\"";
				PRODUCT_BUNDLE_IDENTIFIER = com.thuyentruong.BitmarkRegistry;
				PRODUCT_NAME = "$(TARGET_NAME)";
				PROVISIONING_PROFILE_SPECIFIER = "";
				SWIFT_INCLUDE_PATHS = "$(inherited) $(PODS_ROOT)/TweetNacl/Sources $(PROJECT_DIR)/BitmarkRegistry/Helpers/Encryption/libsodium";
				SWIFT_VERSION = 5.0;
				TARGETED_DEVICE_FAMILY = "1,2";
			};
			name = Release;
		};
		E2E798C6229E189F00508B69 /* Debug */ = {
			isa = XCBuildConfiguration;
			buildSettings = {
				ALWAYS_SEARCH_USER_PATHS = NO;
				CLANG_ANALYZER_NONNULL = YES;
				CLANG_ANALYZER_NUMBER_OBJECT_CONVERSION = YES_AGGRESSIVE;
				CLANG_CXX_LANGUAGE_STANDARD = "gnu++14";
				CLANG_CXX_LIBRARY = "libc++";
				CLANG_ENABLE_MODULES = YES;
				CLANG_ENABLE_OBJC_ARC = YES;
				CLANG_ENABLE_OBJC_WEAK = YES;
				CLANG_WARN_BLOCK_CAPTURE_AUTORELEASING = YES;
				CLANG_WARN_BOOL_CONVERSION = YES;
				CLANG_WARN_COMMA = YES;
				CLANG_WARN_CONSTANT_CONVERSION = YES;
				CLANG_WARN_DEPRECATED_OBJC_IMPLEMENTATIONS = YES;
				CLANG_WARN_DIRECT_OBJC_ISA_USAGE = YES_ERROR;
				CLANG_WARN_DOCUMENTATION_COMMENTS = YES;
				CLANG_WARN_EMPTY_BODY = YES;
				CLANG_WARN_ENUM_CONVERSION = YES;
				CLANG_WARN_INFINITE_RECURSION = YES;
				CLANG_WARN_INT_CONVERSION = YES;
				CLANG_WARN_NON_LITERAL_NULL_CONVERSION = YES;
				CLANG_WARN_OBJC_IMPLICIT_RETAIN_SELF = YES;
				CLANG_WARN_OBJC_LITERAL_CONVERSION = YES;
				CLANG_WARN_OBJC_ROOT_CLASS = YES_ERROR;
				CLANG_WARN_RANGE_LOOP_ANALYSIS = YES;
				CLANG_WARN_STRICT_PROTOTYPES = YES;
				CLANG_WARN_SUSPICIOUS_MOVE = YES;
				CLANG_WARN_UNGUARDED_AVAILABILITY = YES_AGGRESSIVE;
				CLANG_WARN_UNREACHABLE_CODE = YES;
				CLANG_WARN__DUPLICATE_METHOD_MATCH = YES;
				CODE_SIGN_IDENTITY = "iPhone Developer";
				COPY_PHASE_STRIP = NO;
				DEBUG_INFORMATION_FORMAT = dwarf;
				ENABLE_STRICT_OBJC_MSGSEND = YES;
				ENABLE_TESTABILITY = YES;
				GCC_C_LANGUAGE_STANDARD = gnu11;
				GCC_DYNAMIC_NO_PIC = NO;
				GCC_NO_COMMON_BLOCKS = YES;
				GCC_OPTIMIZATION_LEVEL = 0;
				GCC_PREPROCESSOR_DEFINITIONS = (
					"DEBUG=1",
					"$(inherited)",
				);
				GCC_WARN_64_TO_32_BIT_CONVERSION = YES;
				GCC_WARN_ABOUT_RETURN_TYPE = YES_ERROR;
				GCC_WARN_UNDECLARED_SELECTOR = YES;
				GCC_WARN_UNINITIALIZED_AUTOS = YES_AGGRESSIVE;
				GCC_WARN_UNUSED_FUNCTION = YES;
				GCC_WARN_UNUSED_VARIABLE = YES;
				IPHONEOS_DEPLOYMENT_TARGET = 12.2;
				MTL_ENABLE_DEBUG_INFO = INCLUDE_SOURCE;
				MTL_FAST_MATH = YES;
				ONLY_ACTIVE_ARCH = YES;
				SDKROOT = iphoneos;
				SWIFT_ACTIVE_COMPILATION_CONDITIONS = DEBUG;
				SWIFT_OPTIMIZATION_LEVEL = "-Onone";
			};
			name = Debug;
		};
		E2E798C7229E189F00508B69 /* Release */ = {
			isa = XCBuildConfiguration;
			buildSettings = {
				ALWAYS_SEARCH_USER_PATHS = NO;
				CLANG_ANALYZER_NONNULL = YES;
				CLANG_ANALYZER_NUMBER_OBJECT_CONVERSION = YES_AGGRESSIVE;
				CLANG_CXX_LANGUAGE_STANDARD = "gnu++14";
				CLANG_CXX_LIBRARY = "libc++";
				CLANG_ENABLE_MODULES = YES;
				CLANG_ENABLE_OBJC_ARC = YES;
				CLANG_ENABLE_OBJC_WEAK = YES;
				CLANG_WARN_BLOCK_CAPTURE_AUTORELEASING = YES;
				CLANG_WARN_BOOL_CONVERSION = YES;
				CLANG_WARN_COMMA = YES;
				CLANG_WARN_CONSTANT_CONVERSION = YES;
				CLANG_WARN_DEPRECATED_OBJC_IMPLEMENTATIONS = YES;
				CLANG_WARN_DIRECT_OBJC_ISA_USAGE = YES_ERROR;
				CLANG_WARN_DOCUMENTATION_COMMENTS = YES;
				CLANG_WARN_EMPTY_BODY = YES;
				CLANG_WARN_ENUM_CONVERSION = YES;
				CLANG_WARN_INFINITE_RECURSION = YES;
				CLANG_WARN_INT_CONVERSION = YES;
				CLANG_WARN_NON_LITERAL_NULL_CONVERSION = YES;
				CLANG_WARN_OBJC_IMPLICIT_RETAIN_SELF = YES;
				CLANG_WARN_OBJC_LITERAL_CONVERSION = YES;
				CLANG_WARN_OBJC_ROOT_CLASS = YES_ERROR;
				CLANG_WARN_RANGE_LOOP_ANALYSIS = YES;
				CLANG_WARN_STRICT_PROTOTYPES = YES;
				CLANG_WARN_SUSPICIOUS_MOVE = YES;
				CLANG_WARN_UNGUARDED_AVAILABILITY = YES_AGGRESSIVE;
				CLANG_WARN_UNREACHABLE_CODE = YES;
				CLANG_WARN__DUPLICATE_METHOD_MATCH = YES;
				CODE_SIGN_IDENTITY = "iPhone Developer";
				COPY_PHASE_STRIP = NO;
				DEBUG_INFORMATION_FORMAT = "dwarf-with-dsym";
				ENABLE_NS_ASSERTIONS = NO;
				ENABLE_STRICT_OBJC_MSGSEND = YES;
				GCC_C_LANGUAGE_STANDARD = gnu11;
				GCC_NO_COMMON_BLOCKS = YES;
				GCC_WARN_64_TO_32_BIT_CONVERSION = YES;
				GCC_WARN_ABOUT_RETURN_TYPE = YES_ERROR;
				GCC_WARN_UNDECLARED_SELECTOR = YES;
				GCC_WARN_UNINITIALIZED_AUTOS = YES_AGGRESSIVE;
				GCC_WARN_UNUSED_FUNCTION = YES;
				GCC_WARN_UNUSED_VARIABLE = YES;
				IPHONEOS_DEPLOYMENT_TARGET = 12.2;
				MTL_ENABLE_DEBUG_INFO = NO;
				MTL_FAST_MATH = YES;
				SDKROOT = iphoneos;
				SWIFT_COMPILATION_MODE = wholemodule;
				SWIFT_OPTIMIZATION_LEVEL = "-O";
				VALIDATE_PRODUCT = YES;
			};
			name = Release;
		};
		E2E798C9229E189F00508B69 /* Debug */ = {
			isa = XCBuildConfiguration;
			baseConfigurationReference = 6F49B2891D8855D7048183F0 /* Pods-BitmarkRegistry.debug.xcconfig */;
			buildSettings = {
				ASSETCATALOG_COMPILER_APPICON_NAME = AppIcon;
				CODE_SIGN_ENTITLEMENTS = BitmarkRegistry/BitmarkRegistry.entitlements;
				CODE_SIGN_STYLE = Manual;
				DEVELOPMENT_TEAM = Z5CE7A3A7N;
				INFOPLIST_FILE = BitmarkRegistry/Info.plist;
				LD_RUNPATH_SEARCH_PATHS = (
					"$(inherited)",
					"@executable_path/Frameworks",
				);
				LIBRARY_SEARCH_PATHS = (
					"$(inherited)",
					"$(PROJECT_DIR)/BitmarkRegistry/Helpers/Encryption/libsodium",
				);
				OTHER_SWIFT_FLAGS = "\"-D\" \"PRODUCTION\"";
				PRODUCT_BUNDLE_IDENTIFIER = com.bitmark.registry;
				PRODUCT_NAME = "$(TARGET_NAME)";
				PROVISIONING_PROFILE_SPECIFIER = "Bitmark Registry Development";
				SWIFT_INCLUDE_PATHS = "$(inherited) $(PODS_ROOT)/TweetNacl/Sources $(PROJECT_DIR)/BitmarkRegistry/Helpers/Encryption/libsodium";
				SWIFT_VERSION = 5.0;
				TARGETED_DEVICE_FAMILY = "1,2";
			};
			name = Debug;
		};
		E2E798CA229E189F00508B69 /* Release */ = {
			isa = XCBuildConfiguration;
			baseConfigurationReference = 651E9C762774E042F0FA1915 /* Pods-BitmarkRegistry.release.xcconfig */;
			buildSettings = {
				ASSETCATALOG_COMPILER_APPICON_NAME = AppIcon;
				CODE_SIGN_ENTITLEMENTS = BitmarkRegistry/BitmarkRegistry.entitlements;
				CODE_SIGN_IDENTITY = "iPhone Distribution";
				CODE_SIGN_STYLE = Manual;
				DEVELOPMENT_TEAM = Z5CE7A3A7N;
				INFOPLIST_FILE = BitmarkRegistry/Info.plist;
				LD_RUNPATH_SEARCH_PATHS = (
					"$(inherited)",
					"@executable_path/Frameworks",
				);
				LIBRARY_SEARCH_PATHS = (
					"$(inherited)",
					"$(PROJECT_DIR)/BitmarkRegistry/Helpers/Encryption/libsodium",
				);
				OTHER_SWIFT_FLAGS = "\"-D\" \"PRODUCTION\"";
				PRODUCT_BUNDLE_IDENTIFIER = com.bitmark.registry;
				PRODUCT_NAME = "$(TARGET_NAME)";
				PROVISIONING_PROFILE_SPECIFIER = "Bitmark Registry Distribution";
				SWIFT_INCLUDE_PATHS = "$(inherited) $(PODS_ROOT)/TweetNacl/Sources $(PROJECT_DIR)/BitmarkRegistry/Helpers/Encryption/libsodium";
				SWIFT_VERSION = 5.0;
				TARGETED_DEVICE_FAMILY = "1,2";
			};
			name = Release;
		};
/* End XCBuildConfiguration section */

/* Begin XCConfigurationList section */
		E29A740B22AA49990052C716 /* Build configuration list for PBXNativeTarget "BitmarkRegistry Dev" */ = {
			isa = XCConfigurationList;
			buildConfigurations = (
				E29A740C22AA49990052C716 /* Debug */,
				E29A740D22AA49990052C716 /* Release */,
			);
			defaultConfigurationIsVisible = 0;
			defaultConfigurationName = Release;
		};
		E2E798B1229E189E00508B69 /* Build configuration list for PBXProject "BitmarkRegistry" */ = {
			isa = XCConfigurationList;
			buildConfigurations = (
				E2E798C6229E189F00508B69 /* Debug */,
				E2E798C7229E189F00508B69 /* Release */,
			);
			defaultConfigurationIsVisible = 0;
			defaultConfigurationName = Release;
		};
		E2E798C8229E189F00508B69 /* Build configuration list for PBXNativeTarget "BitmarkRegistry" */ = {
			isa = XCConfigurationList;
			buildConfigurations = (
				E2E798C9229E189F00508B69 /* Debug */,
				E2E798CA229E189F00508B69 /* Release */,
			);
			defaultConfigurationIsVisible = 0;
			defaultConfigurationName = Release;
		};
/* End XCConfigurationList section */
	};
	rootObject = E2E798AE229E189E00508B69 /* Project object */;
}
